
Microsoft Visual Studio Solution File, Format Version 12.00
# Visual Studio Version 16
VisualStudioVersion = 16.0.34301.259
MinimumVisualStudioVersion = 10.0.40219.1
Project("{8BC9CEB8-8B4A-11D0-8D11-00A0C91BC942}") = "windows_kernel_programming", "windows_kernel_programming\windows_kernel_programming.vcxproj", "{72871876-2BE1-4596-9798-6692E2794E16}"
EndProject
Project("{8BC9CEB8-8B4A-11D0-8D11-00A0C91BC942}") = "第2章-一个驱动程序项目", "第2章-一个驱动程序项目\第2章-一个驱动程序项目.vcxproj", "{A84C452A-4639-44FB-8750-512F06A54F00}"
EndProject
Project("{8BC9CEB8-8B4A-11D0-8D11-00A0C91BC942}") = "第2章-练习打印系统版本", "第2章-练习打印系统版本\第2章-练习打印系统版本.vcxproj", "{A0955410-FBF0-41C2-8EDA-32FF02230993}"
EndProject
Project("{2150E333-8FDC-42A3-9474-1A3956D46DE8}") = "Solution Items", "Solution Items", "{6939FF59-F407-43D3-99ED-C98EC84F14A7}"
	ProjectSection(SolutionItems) = preProject
		函数.txt = 函数.txt
	EndProjectSection
EndProject
Project("{8BC9CEB8-8B4A-11D0-8D11-00A0C91BC942}") = "第3章-内核编程基础", "第3章-内核编程基础\第3章-内核编程基础.vcxproj", "{8C6E1550-B354-48E1-964B-6859BA71555F}"
EndProject
Project("{8BC9CEB8-8B4A-11D0-8D11-00A0C91BC942}") = "第4章-驱动程序从头到尾", "第4章-驱动程序从头到尾\第4章-驱动程序从头到尾.vcxproj", "{44A4EB5C-3E0A-43AF-8720-D7FA7F1B78BC}"
EndProject
Project("{8BC9CEB8-8B4A-11D0-8D11-00A0C91BC942}") = "第4章-驱动程序从头到尾R3", "第4章-驱动程序从头到尾R3\第4章-驱动程序从头到尾R3.vcxproj", "{CB940BEF-4A46-458C-9766-4DC7C54F9209}"
EndProject
Project("{8BC9CEB8-8B4A-11D0-8D11-00A0C91BC942}") = "第6章-内核机制", "第6章-内核机制\第6章-内核机制.vcxproj", "{DC81A0A1-E925-45A6-A6AD-CFA855D0378A}"
EndProject
Project("{8BC9CEB8-8B4A-11D0-8D11-00A0C91BC942}") = "第7章-IO请求包", "第7章-IO请求包\第7章-IO请求包.vcxproj", "{CFC499FB-F520-4AAB-9EEF-4AF23A061E46}"
EndProject
Project("{8BC9CEB8-8B4A-11D0-8D11-00A0C91BC942}") = "第7章-IO请求包R3", "第7章-IO请求包R3\第7章-IO请求包R3.vcxproj", "{FBFD1A51-6ED6-4AF1-95B7-FDC21E2D0E94}"
EndProject
Project("{8BC9CEB8-8B4A-11D0-8D11-00A0C91BC942}") = "第8章-进程和线程通知", "第8章-进程和线程通知\第8章-进程和线程通知.vcxproj", "{8AE78B31-2F7B-4E3C-A1BE-847EEA2B5124}"
EndProject
Project("{8BC9CEB8-8B4A-11D0-8D11-00A0C91BC942}") = "第8章-进程和线程通知R3", "第8章-进程和线程通知R3\第8章-进程和线程通知R3.vcxproj", "{8E7E3AF0-67D6-4FCE-A3D4-A741BA733678}"
EndProject
Project("{8BC9CEB8-8B4A-11D0-8D11-00A0C91BC942}") = "第8章-练习-监测进程", "第8章-练习-监测进程\第8章-练习-监测进程.vcxproj", "{7962D209-8E50-4863-866D-B64976C689D5}"
EndProject
Project("{8BC9CEB8-8B4A-11D0-8D11-00A0C91BC942}") = "第8章-练习-监测进程R3", "第8章-练习-监测进程R3\第8章-练习-监测进程R3.vcxproj", "{806E906E-3548-4F71-B944-B27A32B00B2F}"
EndProject
Project("{8BC9CEB8-8B4A-11D0-8D11-00A0C91BC942}") = "第8章-练习-监测远程线程", "第8章-练习-监测远程线程\第8章-练习-监测远程线程.vcxproj", "{FAE112C7-D233-49CE-8AC2-FDA39C5AD3AB}"
EndProject
Project("{8BC9CEB8-8B4A-11D0-8D11-00A0C91BC942}") = "第8章-练习-监测远程线程R3", "第8章-练习-监测远程线程R3\第8章-练习-监测远程线程R3.vcxproj", "{204F203B-CBE1-49B8-919D-40AC3CF14B55}"
EndProject
Project("{8BC9CEB8-8B4A-11D0-8D11-00A0C91BC942}") = "第9章-对象和注册表通知", "第9章-对象和注册表通知\第9章-对象和注册表通知.vcxproj", "{84747176-5450-4E89-9572-DEAE4F816673}"
EndProject
Project("{8BC9CEB8-8B4A-11D0-8D11-00A0C91BC942}") = "第9章-对象和注册表通知R3", "第9章-对象和注册表通知R3\第9章-对象和注册表通知R3.vcxproj", "{A2AC8566-C3DE-4C1D-83F4-868BE9C695A8}"
EndProject
Project("{8BC9CEB8-8B4A-11D0-8D11-00A0C91BC942}") = "第9章-注册表通知", "第9章-注册表通知\第9章-注册表通知.vcxproj", "{7C442DE3-A412-411B-BFF8-73204AFE451C}"
EndProject
Project("{8BC9CEB8-8B4A-11D0-8D11-00A0C91BC942}") = "第9章-注册表通知R3", "第9章-注册表通知R3\第9章-注册表通知R3.vcxproj", "{4ACB47B6-B707-442B-937B-318484BE50B2}"
EndProject
Project("{8BC9CEB8-8B4A-11D0-8D11-00A0C91BC942}") = "第10章-文件系统小过滤驱动", "第10章-文件系统小过滤驱动\第10章-文件系统小过滤驱动.vcxproj", "{5B5F21FF-EC6E-4957-9758-E53D4C41ACEC}"
EndProject
Project("{8BC9CEB8-8B4A-11D0-8D11-00A0C91BC942}") = "Chapter10_DelProtect", "Chapter10_DelProtect\Chapter10_DelProtect.vcxproj", "{3AB03DD7-44E8-44DF-8327-A4354D55ACF0}"
EndProject
Project("{8BC9CEB8-8B4A-11D0-8D11-00A0C91BC942}") = "Chapter10_DelProtect_delexe", "Chapter10_DelProtect_delexe\Chapter10_DelProtect_delexe.vcxproj", "{84E991FB-8FC7-4B42-B092-755EE5BE056C}"
EndProject
Project("{8BC9CEB8-8B4A-11D0-8D11-00A0C91BC942}") = "Chapter10_DelProtect_R3", "Chapter10_DelProtect_R3\Chapter10_DelProtect_R3.vcxproj", "{8DB1CCCA-9FAD-47B7-8F67-B58BB9ED6024}"
EndProject
Project("{8BC9CEB8-8B4A-11D0-8D11-00A0C91BC942}") = "Chapter10_DelProtect2", "Chapter10_DelProtect2\Chapter10_DelProtect2.vcxproj", "{B18DD7AC-82C8-44B4-A4EA-F09EB1C04D2F}"
EndProject
Project("{8BC9CEB8-8B4A-11D0-8D11-00A0C91BC942}") = "Chapter10_DelProtect2_R3", "Chapter10_DelProtect2_R3\Chapter10_DelProtect2_R3.vcxproj", "{73274C5E-8240-425B-80F8-0AB086606503}"
EndProject
Project("{8BC9CEB8-8B4A-11D0-8D11-00A0C91BC942}") = "Chapter10_FileBack", "Chapter10_FileBack\Chapter10_FileBack.vcxproj", "{EFA48CE2-29D9-4AF3-96FA-2EA1589A372D}"
EndProject
Project("{8BC9CEB8-8B4A-11D0-8D11-00A0C91BC942}") = "Chapter10_FileRestore", "Chapter10_FileRestore\Chapter10_FileRestore.vcxproj", "{BF87EF9D-5EF2-49C3-802C-A8D6128DECEE}"
EndProject
Project("{8BC9CEB8-8B4A-11D0-8D11-00A0C91BC942}") = "Chapter10_CommPort", "Chapter10_CommPort\Chapter10_CommPort.vcxproj", "{A257F12D-5820-47B4-831B-CA41AED049E6}"
EndProject
Project("{8BC9CEB8-8B4A-11D0-8D11-00A0C91BC942}") = "Chapter10_FileBack_R3", "Chapter10_FileBack_R3\Chapter10_FileBack_R3.vcxproj", "{C0B3CA9A-5B28-4516-9C02-8B352182B481}"
EndProject
Project("{8BC9CEB8-8B4A-11D0-8D11-00A0C91BC942}") = "第11章-设备监视器", "第11章-设备监视器\第11章-设备监视器.vcxproj", "{AA480225-3005-4BDB-B4EC-17FC8172682B}"
EndProject
Project("{8BC9CEB8-8B4A-11D0-8D11-00A0C91BC942}") = "第11章-设备监视器R3", "第11章-设备监视器R3\第11章-设备监视器R3.vcxproj", "{43B79291-A8CF-44ED-B319-D8D453B34B13}"
EndProject
Project("{8BC9CEB8-8B4A-11D0-8D11-00A0C91BC942}") = "第9章-练习-禁止注入线程", "第9章-练习-禁止注入线程\第9章-练习-禁止注入线程.vcxproj", "{DC944277-FE63-47B8-BD42-9FFDA87000D1}"
EndProject
Project("{8BC9CEB8-8B4A-11D0-8D11-00A0C91BC942}") = "第9章-练习-保护注册表键值不被修改", "第9章-练习-保护注册表键值不被修改\第9章-练习-保护注册表键值不被修改.vcxproj", "{B83D73F5-B56B-4703-A80A-903F59932E9D}"
EndProject
Project("{8BC9CEB8-8B4A-11D0-8D11-00A0C91BC942}") = "第9章-练习-保护注册表键值不被修改R3", "第9章-练习-保护注册表键值不被修改R3\第9章-练习-保护注册表键值不被修改R3.vcxproj", "{D152D873-47A5-49B1-904D-05DE71374485}"
EndProject
Global
	GlobalSection(SolutionConfigurationPlatforms) = preSolution
		Debug|ARM = Debug|ARM
		Debug|ARM64 = Debug|ARM64
		Debug|x64 = Debug|x64
		Debug|x86 = Debug|x86
		Release|ARM = Release|ARM
		Release|ARM64 = Release|ARM64
		Release|x64 = Release|x64
		Release|x86 = Release|x86
	EndGlobalSection
	GlobalSection(ProjectConfigurationPlatforms) = postSolution
		{72871876-2BE1-4596-9798-6692E2794E16}.Debug|ARM.ActiveCfg = Debug|ARM
		{72871876-2BE1-4596-9798-6692E2794E16}.Debug|ARM.Build.0 = Debug|ARM
		{72871876-2BE1-4596-9798-6692E2794E16}.Debug|ARM.Deploy.0 = Debug|ARM
		{72871876-2BE1-4596-9798-6692E2794E16}.Debug|ARM64.ActiveCfg = Debug|ARM64
		{72871876-2BE1-4596-9798-6692E2794E16}.Debug|ARM64.Build.0 = Debug|ARM64
		{72871876-2BE1-4596-9798-6692E2794E16}.Debug|ARM64.Deploy.0 = Debug|ARM64
		{72871876-2BE1-4596-9798-6692E2794E16}.Debug|x64.ActiveCfg = Debug|x64
		{72871876-2BE1-4596-9798-6692E2794E16}.Debug|x64.Build.0 = Debug|x64
		{72871876-2BE1-4596-9798-6692E2794E16}.Debug|x64.Deploy.0 = Debug|x64
		{72871876-2BE1-4596-9798-6692E2794E16}.Debug|x86.ActiveCfg = Debug|Win32
		{72871876-2BE1-4596-9798-6692E2794E16}.Debug|x86.Build.0 = Debug|Win32
		{72871876-2BE1-4596-9798-6692E2794E16}.Debug|x86.Deploy.0 = Debug|Win32
		{72871876-2BE1-4596-9798-6692E2794E16}.Release|ARM.ActiveCfg = Release|ARM
		{72871876-2BE1-4596-9798-6692E2794E16}.Release|ARM.Build.0 = Release|ARM
		{72871876-2BE1-4596-9798-6692E2794E16}.Release|ARM.Deploy.0 = Release|ARM
		{72871876-2BE1-4596-9798-6692E2794E16}.Release|ARM64.ActiveCfg = Release|ARM64
		{72871876-2BE1-4596-9798-6692E2794E16}.Release|ARM64.Build.0 = Release|ARM64
		{72871876-2BE1-4596-9798-6692E2794E16}.Release|ARM64.Deploy.0 = Release|ARM64
		{72871876-2BE1-4596-9798-6692E2794E16}.Release|x64.ActiveCfg = Release|x64
		{72871876-2BE1-4596-9798-6692E2794E16}.Release|x64.Build.0 = Release|x64
		{72871876-2BE1-4596-9798-6692E2794E16}.Release|x64.Deploy.0 = Release|x64
		{72871876-2BE1-4596-9798-6692E2794E16}.Release|x86.ActiveCfg = Release|Win32
		{72871876-2BE1-4596-9798-6692E2794E16}.Release|x86.Build.0 = Release|Win32
		{72871876-2BE1-4596-9798-6692E2794E16}.Release|x86.Deploy.0 = Release|Win32
		{A84C452A-4639-44FB-8750-512F06A54F00}.Debug|ARM.ActiveCfg = Debug|ARM
		{A84C452A-4639-44FB-8750-512F06A54F00}.Debug|ARM.Build.0 = Debug|ARM
		{A84C452A-4639-44FB-8750-512F06A54F00}.Debug|ARM.Deploy.0 = Debug|ARM
		{A84C452A-4639-44FB-8750-512F06A54F00}.Debug|ARM64.ActiveCfg = Debug|ARM64
		{A84C452A-4639-44FB-8750-512F06A54F00}.Debug|ARM64.Build.0 = Debug|ARM64
		{A84C452A-4639-44FB-8750-512F06A54F00}.Debug|ARM64.Deploy.0 = Debug|ARM64
		{A84C452A-4639-44FB-8750-512F06A54F00}.Debug|x64.ActiveCfg = Debug|x64
		{A84C452A-4639-44FB-8750-512F06A54F00}.Debug|x64.Build.0 = Debug|x64
		{A84C452A-4639-44FB-8750-512F06A54F00}.Debug|x64.Deploy.0 = Debug|x64
		{A84C452A-4639-44FB-8750-512F06A54F00}.Debug|x86.ActiveCfg = Debug|Win32
		{A84C452A-4639-44FB-8750-512F06A54F00}.Debug|x86.Build.0 = Debug|Win32
		{A84C452A-4639-44FB-8750-512F06A54F00}.Debug|x86.Deploy.0 = Debug|Win32
		{A84C452A-4639-44FB-8750-512F06A54F00}.Release|ARM.ActiveCfg = Release|ARM
		{A84C452A-4639-44FB-8750-512F06A54F00}.Release|ARM.Build.0 = Release|ARM
		{A84C452A-4639-44FB-8750-512F06A54F00}.Release|ARM.Deploy.0 = Release|ARM
		{A84C452A-4639-44FB-8750-512F06A54F00}.Release|ARM64.ActiveCfg = Release|ARM64
		{A84C452A-4639-44FB-8750-512F06A54F00}.Release|ARM64.Build.0 = Release|ARM64
		{A84C452A-4639-44FB-8750-512F06A54F00}.Release|ARM64.Deploy.0 = Release|ARM64
		{A84C452A-4639-44FB-8750-512F06A54F00}.Release|x64.ActiveCfg = Release|x64
		{A84C452A-4639-44FB-8750-512F06A54F00}.Release|x64.Build.0 = Release|x64
		{A84C452A-4639-44FB-8750-512F06A54F00}.Release|x64.Deploy.0 = Release|x64
		{A84C452A-4639-44FB-8750-512F06A54F00}.Release|x86.ActiveCfg = Release|Win32
		{A84C452A-4639-44FB-8750-512F06A54F00}.Release|x86.Build.0 = Release|Win32
		{A84C452A-4639-44FB-8750-512F06A54F00}.Release|x86.Deploy.0 = Release|Win32
		{A0955410-FBF0-41C2-8EDA-32FF02230993}.Debug|ARM.ActiveCfg = Debug|ARM
		{A0955410-FBF0-41C2-8EDA-32FF02230993}.Debug|ARM.Build.0 = Debug|ARM
		{A0955410-FBF0-41C2-8EDA-32FF02230993}.Debug|ARM.Deploy.0 = Debug|ARM
		{A0955410-FBF0-41C2-8EDA-32FF02230993}.Debug|ARM64.ActiveCfg = Debug|ARM64
		{A0955410-FBF0-41C2-8EDA-32FF02230993}.Debug|ARM64.Build.0 = Debug|ARM64
		{A0955410-FBF0-41C2-8EDA-32FF02230993}.Debug|ARM64.Deploy.0 = Debug|ARM64
		{A0955410-FBF0-41C2-8EDA-32FF02230993}.Debug|x64.ActiveCfg = Debug|x64
		{A0955410-FBF0-41C2-8EDA-32FF02230993}.Debug|x64.Build.0 = Debug|x64
		{A0955410-FBF0-41C2-8EDA-32FF02230993}.Debug|x64.Deploy.0 = Debug|x64
		{A0955410-FBF0-41C2-8EDA-32FF02230993}.Debug|x86.ActiveCfg = Debug|Win32
		{A0955410-FBF0-41C2-8EDA-32FF02230993}.Debug|x86.Build.0 = Debug|Win32
		{A0955410-FBF0-41C2-8EDA-32FF02230993}.Debug|x86.Deploy.0 = Debug|Win32
		{A0955410-FBF0-41C2-8EDA-32FF02230993}.Release|ARM.ActiveCfg = Release|ARM
		{A0955410-FBF0-41C2-8EDA-32FF02230993}.Release|ARM.Build.0 = Release|ARM
		{A0955410-FBF0-41C2-8EDA-32FF02230993}.Release|ARM.Deploy.0 = Release|ARM
		{A0955410-FBF0-41C2-8EDA-32FF02230993}.Release|ARM64.ActiveCfg = Release|ARM64
		{A0955410-FBF0-41C2-8EDA-32FF02230993}.Release|ARM64.Build.0 = Release|ARM64
		{A0955410-FBF0-41C2-8EDA-32FF02230993}.Release|ARM64.Deploy.0 = Release|ARM64
		{A0955410-FBF0-41C2-8EDA-32FF02230993}.Release|x64.ActiveCfg = Release|x64
		{A0955410-FBF0-41C2-8EDA-32FF02230993}.Release|x64.Build.0 = Release|x64
		{A0955410-FBF0-41C2-8EDA-32FF02230993}.Release|x64.Deploy.0 = Release|x64
		{A0955410-FBF0-41C2-8EDA-32FF02230993}.Release|x86.ActiveCfg = Release|Win32
		{A0955410-FBF0-41C2-8EDA-32FF02230993}.Release|x86.Build.0 = Release|Win32
		{A0955410-FBF0-41C2-8EDA-32FF02230993}.Release|x86.Deploy.0 = Release|Win32
		{8C6E1550-B354-48E1-964B-6859BA71555F}.Debug|ARM.ActiveCfg = Debug|ARM
		{8C6E1550-B354-48E1-964B-6859BA71555F}.Debug|ARM.Build.0 = Debug|ARM
		{8C6E1550-B354-48E1-964B-6859BA71555F}.Debug|ARM.Deploy.0 = Debug|ARM
		{8C6E1550-B354-48E1-964B-6859BA71555F}.Debug|ARM64.ActiveCfg = Debug|ARM64
		{8C6E1550-B354-48E1-964B-6859BA71555F}.Debug|ARM64.Build.0 = Debug|ARM64
		{8C6E1550-B354-48E1-964B-6859BA71555F}.Debug|ARM64.Deploy.0 = Debug|ARM64
		{8C6E1550-B354-48E1-964B-6859BA71555F}.Debug|x64.ActiveCfg = Debug|x64
		{8C6E1550-B354-48E1-964B-6859BA71555F}.Debug|x64.Build.0 = Debug|x64
		{8C6E1550-B354-48E1-964B-6859BA71555F}.Debug|x64.Deploy.0 = Debug|x64
		{8C6E1550-B354-48E1-964B-6859BA71555F}.Debug|x86.ActiveCfg = Debug|Win32
		{8C6E1550-B354-48E1-964B-6859BA71555F}.Debug|x86.Build.0 = Debug|Win32
		{8C6E1550-B354-48E1-964B-6859BA71555F}.Debug|x86.Deploy.0 = Debug|Win32
		{8C6E1550-B354-48E1-964B-6859BA71555F}.Release|ARM.ActiveCfg = Release|ARM
		{8C6E1550-B354-48E1-964B-6859BA71555F}.Release|ARM.Build.0 = Release|ARM
		{8C6E1550-B354-48E1-964B-6859BA71555F}.Release|ARM.Deploy.0 = Release|ARM
		{8C6E1550-B354-48E1-964B-6859BA71555F}.Release|ARM64.ActiveCfg = Release|ARM64
		{8C6E1550-B354-48E1-964B-6859BA71555F}.Release|ARM64.Build.0 = Release|ARM64
		{8C6E1550-B354-48E1-964B-6859BA71555F}.Release|ARM64.Deploy.0 = Release|ARM64
		{8C6E1550-B354-48E1-964B-6859BA71555F}.Release|x64.ActiveCfg = Release|x64
		{8C6E1550-B354-48E1-964B-6859BA71555F}.Release|x64.Build.0 = Release|x64
		{8C6E1550-B354-48E1-964B-6859BA71555F}.Release|x64.Deploy.0 = Release|x64
		{8C6E1550-B354-48E1-964B-6859BA71555F}.Release|x86.ActiveCfg = Release|Win32
		{8C6E1550-B354-48E1-964B-6859BA71555F}.Release|x86.Build.0 = Release|Win32
		{8C6E1550-B354-48E1-964B-6859BA71555F}.Release|x86.Deploy.0 = Release|Win32
		{44A4EB5C-3E0A-43AF-8720-D7FA7F1B78BC}.Debug|ARM.ActiveCfg = Debug|ARM
		{44A4EB5C-3E0A-43AF-8720-D7FA7F1B78BC}.Debug|ARM.Build.0 = Debug|ARM
		{44A4EB5C-3E0A-43AF-8720-D7FA7F1B78BC}.Debug|ARM.Deploy.0 = Debug|ARM
		{44A4EB5C-3E0A-43AF-8720-D7FA7F1B78BC}.Debug|ARM64.ActiveCfg = Debug|ARM64
		{44A4EB5C-3E0A-43AF-8720-D7FA7F1B78BC}.Debug|ARM64.Build.0 = Debug|ARM64
		{44A4EB5C-3E0A-43AF-8720-D7FA7F1B78BC}.Debug|ARM64.Deploy.0 = Debug|ARM64
		{44A4EB5C-3E0A-43AF-8720-D7FA7F1B78BC}.Debug|x64.ActiveCfg = Debug|x64
		{44A4EB5C-3E0A-43AF-8720-D7FA7F1B78BC}.Debug|x64.Build.0 = Debug|x64
		{44A4EB5C-3E0A-43AF-8720-D7FA7F1B78BC}.Debug|x64.Deploy.0 = Debug|x64
		{44A4EB5C-3E0A-43AF-8720-D7FA7F1B78BC}.Debug|x86.ActiveCfg = Debug|Win32
		{44A4EB5C-3E0A-43AF-8720-D7FA7F1B78BC}.Debug|x86.Build.0 = Debug|Win32
		{44A4EB5C-3E0A-43AF-8720-D7FA7F1B78BC}.Debug|x86.Deploy.0 = Debug|Win32
		{44A4EB5C-3E0A-43AF-8720-D7FA7F1B78BC}.Release|ARM.ActiveCfg = Release|ARM
		{44A4EB5C-3E0A-43AF-8720-D7FA7F1B78BC}.Release|ARM.Build.0 = Release|ARM
		{44A4EB5C-3E0A-43AF-8720-D7FA7F1B78BC}.Release|ARM.Deploy.0 = Release|ARM
		{44A4EB5C-3E0A-43AF-8720-D7FA7F1B78BC}.Release|ARM64.ActiveCfg = Release|ARM64
		{44A4EB5C-3E0A-43AF-8720-D7FA7F1B78BC}.Release|ARM64.Build.0 = Release|ARM64
		{44A4EB5C-3E0A-43AF-8720-D7FA7F1B78BC}.Release|ARM64.Deploy.0 = Release|ARM64
		{44A4EB5C-3E0A-43AF-8720-D7FA7F1B78BC}.Release|x64.ActiveCfg = Release|x64
		{44A4EB5C-3E0A-43AF-8720-D7FA7F1B78BC}.Release|x64.Build.0 = Release|x64
		{44A4EB5C-3E0A-43AF-8720-D7FA7F1B78BC}.Release|x64.Deploy.0 = Release|x64
		{44A4EB5C-3E0A-43AF-8720-D7FA7F1B78BC}.Release|x86.ActiveCfg = Release|Win32
		{44A4EB5C-3E0A-43AF-8720-D7FA7F1B78BC}.Release|x86.Build.0 = Release|Win32
		{44A4EB5C-3E0A-43AF-8720-D7FA7F1B78BC}.Release|x86.Deploy.0 = Release|Win32
		{CB940BEF-4A46-458C-9766-4DC7C54F9209}.Debug|ARM.ActiveCfg = Debug|Win32
		{CB940BEF-4A46-458C-9766-4DC7C54F9209}.Debug|ARM64.ActiveCfg = Debug|Win32
		{CB940BEF-4A46-458C-9766-4DC7C54F9209}.Debug|x64.ActiveCfg = Debug|x64
		{CB940BEF-4A46-458C-9766-4DC7C54F9209}.Debug|x64.Build.0 = Debug|x64
		{CB940BEF-4A46-458C-9766-4DC7C54F9209}.Debug|x86.ActiveCfg = Debug|Win32
		{CB940BEF-4A46-458C-9766-4DC7C54F9209}.Debug|x86.Build.0 = Debug|Win32
		{CB940BEF-4A46-458C-9766-4DC7C54F9209}.Release|ARM.ActiveCfg = Release|Win32
		{CB940BEF-4A46-458C-9766-4DC7C54F9209}.Release|ARM64.ActiveCfg = Release|Win32
		{CB940BEF-4A46-458C-9766-4DC7C54F9209}.Release|x64.ActiveCfg = Release|x64
		{CB940BEF-4A46-458C-9766-4DC7C54F9209}.Release|x64.Build.0 = Release|x64
		{CB940BEF-4A46-458C-9766-4DC7C54F9209}.Release|x86.ActiveCfg = Release|Win32
		{CB940BEF-4A46-458C-9766-4DC7C54F9209}.Release|x86.Build.0 = Release|Win32
		{DC81A0A1-E925-45A6-A6AD-CFA855D0378A}.Debug|ARM.ActiveCfg = Debug|ARM
		{DC81A0A1-E925-45A6-A6AD-CFA855D0378A}.Debug|ARM.Build.0 = Debug|ARM
		{DC81A0A1-E925-45A6-A6AD-CFA855D0378A}.Debug|ARM.Deploy.0 = Debug|ARM
		{DC81A0A1-E925-45A6-A6AD-CFA855D0378A}.Debug|ARM64.ActiveCfg = Debug|ARM64
		{DC81A0A1-E925-45A6-A6AD-CFA855D0378A}.Debug|ARM64.Build.0 = Debug|ARM64
		{DC81A0A1-E925-45A6-A6AD-CFA855D0378A}.Debug|ARM64.Deploy.0 = Debug|ARM64
		{DC81A0A1-E925-45A6-A6AD-CFA855D0378A}.Debug|x64.ActiveCfg = Debug|x64
		{DC81A0A1-E925-45A6-A6AD-CFA855D0378A}.Debug|x64.Build.0 = Debug|x64
		{DC81A0A1-E925-45A6-A6AD-CFA855D0378A}.Debug|x64.Deploy.0 = Debug|x64
		{DC81A0A1-E925-45A6-A6AD-CFA855D0378A}.Debug|x86.ActiveCfg = Debug|Win32
		{DC81A0A1-E925-45A6-A6AD-CFA855D0378A}.Debug|x86.Build.0 = Debug|Win32
		{DC81A0A1-E925-45A6-A6AD-CFA855D0378A}.Debug|x86.Deploy.0 = Debug|Win32
		{DC81A0A1-E925-45A6-A6AD-CFA855D0378A}.Release|ARM.ActiveCfg = Release|ARM
		{DC81A0A1-E925-45A6-A6AD-CFA855D0378A}.Release|ARM.Build.0 = Release|ARM
		{DC81A0A1-E925-45A6-A6AD-CFA855D0378A}.Release|ARM.Deploy.0 = Release|ARM
		{DC81A0A1-E925-45A6-A6AD-CFA855D0378A}.Release|ARM64.ActiveCfg = Release|ARM64
		{DC81A0A1-E925-45A6-A6AD-CFA855D0378A}.Release|ARM64.Build.0 = Release|ARM64
		{DC81A0A1-E925-45A6-A6AD-CFA855D0378A}.Release|ARM64.Deploy.0 = Release|ARM64
		{DC81A0A1-E925-45A6-A6AD-CFA855D0378A}.Release|x64.ActiveCfg = Release|x64
		{DC81A0A1-E925-45A6-A6AD-CFA855D0378A}.Release|x64.Build.0 = Release|x64
		{DC81A0A1-E925-45A6-A6AD-CFA855D0378A}.Release|x64.Deploy.0 = Release|x64
		{DC81A0A1-E925-45A6-A6AD-CFA855D0378A}.Release|x86.ActiveCfg = Release|Win32
		{DC81A0A1-E925-45A6-A6AD-CFA855D0378A}.Release|x86.Build.0 = Release|Win32
		{DC81A0A1-E925-45A6-A6AD-CFA855D0378A}.Release|x86.Deploy.0 = Release|Win32
		{CFC499FB-F520-4AAB-9EEF-4AF23A061E46}.Debug|ARM.ActiveCfg = Debug|ARM
		{CFC499FB-F520-4AAB-9EEF-4AF23A061E46}.Debug|ARM.Build.0 = Debug|ARM
		{CFC499FB-F520-4AAB-9EEF-4AF23A061E46}.Debug|ARM.Deploy.0 = Debug|ARM
		{CFC499FB-F520-4AAB-9EEF-4AF23A061E46}.Debug|ARM64.ActiveCfg = Debug|ARM64
		{CFC499FB-F520-4AAB-9EEF-4AF23A061E46}.Debug|ARM64.Build.0 = Debug|ARM64
		{CFC499FB-F520-4AAB-9EEF-4AF23A061E46}.Debug|ARM64.Deploy.0 = Debug|ARM64
		{CFC499FB-F520-4AAB-9EEF-4AF23A061E46}.Debug|x64.ActiveCfg = Debug|x64
		{CFC499FB-F520-4AAB-9EEF-4AF23A061E46}.Debug|x64.Build.0 = Debug|x64
		{CFC499FB-F520-4AAB-9EEF-4AF23A061E46}.Debug|x64.Deploy.0 = Debug|x64
		{CFC499FB-F520-4AAB-9EEF-4AF23A061E46}.Debug|x86.ActiveCfg = Debug|Win32
		{CFC499FB-F520-4AAB-9EEF-4AF23A061E46}.Debug|x86.Build.0 = Debug|Win32
		{CFC499FB-F520-4AAB-9EEF-4AF23A061E46}.Debug|x86.Deploy.0 = Debug|Win32
		{CFC499FB-F520-4AAB-9EEF-4AF23A061E46}.Release|ARM.ActiveCfg = Release|ARM
		{CFC499FB-F520-4AAB-9EEF-4AF23A061E46}.Release|ARM.Build.0 = Release|ARM
		{CFC499FB-F520-4AAB-9EEF-4AF23A061E46}.Release|ARM.Deploy.0 = Release|ARM
		{CFC499FB-F520-4AAB-9EEF-4AF23A061E46}.Release|ARM64.ActiveCfg = Release|ARM64
		{CFC499FB-F520-4AAB-9EEF-4AF23A061E46}.Release|ARM64.Build.0 = Release|ARM64
		{CFC499FB-F520-4AAB-9EEF-4AF23A061E46}.Release|ARM64.Deploy.0 = Release|ARM64
		{CFC499FB-F520-4AAB-9EEF-4AF23A061E46}.Release|x64.ActiveCfg = Release|x64
		{CFC499FB-F520-4AAB-9EEF-4AF23A061E46}.Release|x64.Build.0 = Release|x64
		{CFC499FB-F520-4AAB-9EEF-4AF23A061E46}.Release|x64.Deploy.0 = Release|x64
		{CFC499FB-F520-4AAB-9EEF-4AF23A061E46}.Release|x86.ActiveCfg = Release|Win32
		{CFC499FB-F520-4AAB-9EEF-4AF23A061E46}.Release|x86.Build.0 = Release|Win32
		{CFC499FB-F520-4AAB-9EEF-4AF23A061E46}.Release|x86.Deploy.0 = Release|Win32
		{FBFD1A51-6ED6-4AF1-95B7-FDC21E2D0E94}.Debug|ARM.ActiveCfg = Debug|Win32
		{FBFD1A51-6ED6-4AF1-95B7-FDC21E2D0E94}.Debug|ARM64.ActiveCfg = Debug|Win32
		{FBFD1A51-6ED6-4AF1-95B7-FDC21E2D0E94}.Debug|x64.ActiveCfg = Debug|x64
		{FBFD1A51-6ED6-4AF1-95B7-FDC21E2D0E94}.Debug|x64.Build.0 = Debug|x64
		{FBFD1A51-6ED6-4AF1-95B7-FDC21E2D0E94}.Debug|x86.ActiveCfg = Debug|Win32
		{FBFD1A51-6ED6-4AF1-95B7-FDC21E2D0E94}.Debug|x86.Build.0 = Debug|Win32
		{FBFD1A51-6ED6-4AF1-95B7-FDC21E2D0E94}.Release|ARM.ActiveCfg = Release|Win32
		{FBFD1A51-6ED6-4AF1-95B7-FDC21E2D0E94}.Release|ARM64.ActiveCfg = Release|Win32
		{FBFD1A51-6ED6-4AF1-95B7-FDC21E2D0E94}.Release|x64.ActiveCfg = Release|x64
		{FBFD1A51-6ED6-4AF1-95B7-FDC21E2D0E94}.Release|x64.Build.0 = Release|x64
		{FBFD1A51-6ED6-4AF1-95B7-FDC21E2D0E94}.Release|x86.ActiveCfg = Release|Win32
		{FBFD1A51-6ED6-4AF1-95B7-FDC21E2D0E94}.Release|x86.Build.0 = Release|Win32
		{8AE78B31-2F7B-4E3C-A1BE-847EEA2B5124}.Debug|ARM.ActiveCfg = Debug|ARM
		{8AE78B31-2F7B-4E3C-A1BE-847EEA2B5124}.Debug|ARM.Build.0 = Debug|ARM
		{8AE78B31-2F7B-4E3C-A1BE-847EEA2B5124}.Debug|ARM.Deploy.0 = Debug|ARM
		{8AE78B31-2F7B-4E3C-A1BE-847EEA2B5124}.Debug|ARM64.ActiveCfg = Debug|ARM64
		{8AE78B31-2F7B-4E3C-A1BE-847EEA2B5124}.Debug|ARM64.Build.0 = Debug|ARM64
		{8AE78B31-2F7B-4E3C-A1BE-847EEA2B5124}.Debug|ARM64.Deploy.0 = Debug|ARM64
		{8AE78B31-2F7B-4E3C-A1BE-847EEA2B5124}.Debug|x64.ActiveCfg = Debug|x64
		{8AE78B31-2F7B-4E3C-A1BE-847EEA2B5124}.Debug|x64.Build.0 = Debug|x64
		{8AE78B31-2F7B-4E3C-A1BE-847EEA2B5124}.Debug|x64.Deploy.0 = Debug|x64
		{8AE78B31-2F7B-4E3C-A1BE-847EEA2B5124}.Debug|x86.ActiveCfg = Debug|Win32
		{8AE78B31-2F7B-4E3C-A1BE-847EEA2B5124}.Debug|x86.Build.0 = Debug|Win32
		{8AE78B31-2F7B-4E3C-A1BE-847EEA2B5124}.Debug|x86.Deploy.0 = Debug|Win32
		{8AE78B31-2F7B-4E3C-A1BE-847EEA2B5124}.Release|ARM.ActiveCfg = Release|ARM
		{8AE78B31-2F7B-4E3C-A1BE-847EEA2B5124}.Release|ARM.Build.0 = Release|ARM
		{8AE78B31-2F7B-4E3C-A1BE-847EEA2B5124}.Release|ARM.Deploy.0 = Release|ARM
		{8AE78B31-2F7B-4E3C-A1BE-847EEA2B5124}.Release|ARM64.ActiveCfg = Release|ARM64
		{8AE78B31-2F7B-4E3C-A1BE-847EEA2B5124}.Release|ARM64.Build.0 = Release|ARM64
		{8AE78B31-2F7B-4E3C-A1BE-847EEA2B5124}.Release|ARM64.Deploy.0 = Release|ARM64
		{8AE78B31-2F7B-4E3C-A1BE-847EEA2B5124}.Release|x64.ActiveCfg = Release|x64
		{8AE78B31-2F7B-4E3C-A1BE-847EEA2B5124}.Release|x64.Build.0 = Release|x64
		{8AE78B31-2F7B-4E3C-A1BE-847EEA2B5124}.Release|x64.Deploy.0 = Release|x64
		{8AE78B31-2F7B-4E3C-A1BE-847EEA2B5124}.Release|x86.ActiveCfg = Release|Win32
		{8AE78B31-2F7B-4E3C-A1BE-847EEA2B5124}.Release|x86.Build.0 = Release|Win32
		{8AE78B31-2F7B-4E3C-A1BE-847EEA2B5124}.Release|x86.Deploy.0 = Release|Win32
		{8E7E3AF0-67D6-4FCE-A3D4-A741BA733678}.Debug|ARM.ActiveCfg = Debug|Win32
		{8E7E3AF0-67D6-4FCE-A3D4-A741BA733678}.Debug|ARM64.ActiveCfg = Debug|Win32
		{8E7E3AF0-67D6-4FCE-A3D4-A741BA733678}.Debug|x64.ActiveCfg = Debug|x64
		{8E7E3AF0-67D6-4FCE-A3D4-A741BA733678}.Debug|x64.Build.0 = Debug|x64
		{8E7E3AF0-67D6-4FCE-A3D4-A741BA733678}.Debug|x86.ActiveCfg = Debug|Win32
		{8E7E3AF0-67D6-4FCE-A3D4-A741BA733678}.Debug|x86.Build.0 = Debug|Win32
		{8E7E3AF0-67D6-4FCE-A3D4-A741BA733678}.Release|ARM.ActiveCfg = Release|Win32
		{8E7E3AF0-67D6-4FCE-A3D4-A741BA733678}.Release|ARM64.ActiveCfg = Release|Win32
		{8E7E3AF0-67D6-4FCE-A3D4-A741BA733678}.Release|x64.ActiveCfg = Release|x64
		{8E7E3AF0-67D6-4FCE-A3D4-A741BA733678}.Release|x64.Build.0 = Release|x64
		{8E7E3AF0-67D6-4FCE-A3D4-A741BA733678}.Release|x86.ActiveCfg = Release|Win32
		{8E7E3AF0-67D6-4FCE-A3D4-A741BA733678}.Release|x86.Build.0 = Release|Win32
		{7962D209-8E50-4863-866D-B64976C689D5}.Debug|ARM.ActiveCfg = Debug|ARM
		{7962D209-8E50-4863-866D-B64976C689D5}.Debug|ARM.Build.0 = Debug|ARM
		{7962D209-8E50-4863-866D-B64976C689D5}.Debug|ARM.Deploy.0 = Debug|ARM
		{7962D209-8E50-4863-866D-B64976C689D5}.Debug|ARM64.ActiveCfg = Debug|ARM64
		{7962D209-8E50-4863-866D-B64976C689D5}.Debug|ARM64.Build.0 = Debug|ARM64
		{7962D209-8E50-4863-866D-B64976C689D5}.Debug|ARM64.Deploy.0 = Debug|ARM64
		{7962D209-8E50-4863-866D-B64976C689D5}.Debug|x64.ActiveCfg = Debug|x64
		{7962D209-8E50-4863-866D-B64976C689D5}.Debug|x64.Build.0 = Debug|x64
		{7962D209-8E50-4863-866D-B64976C689D5}.Debug|x64.Deploy.0 = Debug|x64
		{7962D209-8E50-4863-866D-B64976C689D5}.Debug|x86.ActiveCfg = Debug|Win32
		{7962D209-8E50-4863-866D-B64976C689D5}.Debug|x86.Build.0 = Debug|Win32
		{7962D209-8E50-4863-866D-B64976C689D5}.Debug|x86.Deploy.0 = Debug|Win32
		{7962D209-8E50-4863-866D-B64976C689D5}.Release|ARM.ActiveCfg = Release|ARM
		{7962D209-8E50-4863-866D-B64976C689D5}.Release|ARM.Build.0 = Release|ARM
		{7962D209-8E50-4863-866D-B64976C689D5}.Release|ARM.Deploy.0 = Release|ARM
		{7962D209-8E50-4863-866D-B64976C689D5}.Release|ARM64.ActiveCfg = Release|ARM64
		{7962D209-8E50-4863-866D-B64976C689D5}.Release|ARM64.Build.0 = Release|ARM64
		{7962D209-8E50-4863-866D-B64976C689D5}.Release|ARM64.Deploy.0 = Release|ARM64
		{7962D209-8E50-4863-866D-B64976C689D5}.Release|x64.ActiveCfg = Release|x64
		{7962D209-8E50-4863-866D-B64976C689D5}.Release|x64.Build.0 = Release|x64
		{7962D209-8E50-4863-866D-B64976C689D5}.Release|x64.Deploy.0 = Release|x64
		{7962D209-8E50-4863-866D-B64976C689D5}.Release|x86.ActiveCfg = Release|Win32
		{7962D209-8E50-4863-866D-B64976C689D5}.Release|x86.Build.0 = Release|Win32
		{7962D209-8E50-4863-866D-B64976C689D5}.Release|x86.Deploy.0 = Release|Win32
		{806E906E-3548-4F71-B944-B27A32B00B2F}.Debug|ARM.ActiveCfg = Debug|Win32
		{806E906E-3548-4F71-B944-B27A32B00B2F}.Debug|ARM64.ActiveCfg = Debug|Win32
		{806E906E-3548-4F71-B944-B27A32B00B2F}.Debug|x64.ActiveCfg = Debug|x64
		{806E906E-3548-4F71-B944-B27A32B00B2F}.Debug|x64.Build.0 = Debug|x64
		{806E906E-3548-4F71-B944-B27A32B00B2F}.Debug|x86.ActiveCfg = Debug|Win32
		{806E906E-3548-4F71-B944-B27A32B00B2F}.Debug|x86.Build.0 = Debug|Win32
		{806E906E-3548-4F71-B944-B27A32B00B2F}.Release|ARM.ActiveCfg = Release|Win32
		{806E906E-3548-4F71-B944-B27A32B00B2F}.Release|ARM64.ActiveCfg = Release|Win32
		{806E906E-3548-4F71-B944-B27A32B00B2F}.Release|x64.ActiveCfg = Release|x64
		{806E906E-3548-4F71-B944-B27A32B00B2F}.Release|x64.Build.0 = Release|x64
		{806E906E-3548-4F71-B944-B27A32B00B2F}.Release|x86.ActiveCfg = Release|Win32
		{806E906E-3548-4F71-B944-B27A32B00B2F}.Release|x86.Build.0 = Release|Win32
		{FAE112C7-D233-49CE-8AC2-FDA39C5AD3AB}.Debug|ARM.ActiveCfg = Debug|ARM
		{FAE112C7-D233-49CE-8AC2-FDA39C5AD3AB}.Debug|ARM.Build.0 = Debug|ARM
		{FAE112C7-D233-49CE-8AC2-FDA39C5AD3AB}.Debug|ARM.Deploy.0 = Debug|ARM
		{FAE112C7-D233-49CE-8AC2-FDA39C5AD3AB}.Debug|ARM64.ActiveCfg = Debug|ARM64
		{FAE112C7-D233-49CE-8AC2-FDA39C5AD3AB}.Debug|ARM64.Build.0 = Debug|ARM64
		{FAE112C7-D233-49CE-8AC2-FDA39C5AD3AB}.Debug|ARM64.Deploy.0 = Debug|ARM64
		{FAE112C7-D233-49CE-8AC2-FDA39C5AD3AB}.Debug|x64.ActiveCfg = Debug|x64
		{FAE112C7-D233-49CE-8AC2-FDA39C5AD3AB}.Debug|x64.Build.0 = Debug|x64
		{FAE112C7-D233-49CE-8AC2-FDA39C5AD3AB}.Debug|x64.Deploy.0 = Debug|x64
		{FAE112C7-D233-49CE-8AC2-FDA39C5AD3AB}.Debug|x86.ActiveCfg = Debug|Win32
		{FAE112C7-D233-49CE-8AC2-FDA39C5AD3AB}.Debug|x86.Build.0 = Debug|Win32
		{FAE112C7-D233-49CE-8AC2-FDA39C5AD3AB}.Debug|x86.Deploy.0 = Debug|Win32
		{FAE112C7-D233-49CE-8AC2-FDA39C5AD3AB}.Release|ARM.ActiveCfg = Release|ARM
		{FAE112C7-D233-49CE-8AC2-FDA39C5AD3AB}.Release|ARM.Build.0 = Release|ARM
		{FAE112C7-D233-49CE-8AC2-FDA39C5AD3AB}.Release|ARM.Deploy.0 = Release|ARM
		{FAE112C7-D233-49CE-8AC2-FDA39C5AD3AB}.Release|ARM64.ActiveCfg = Release|ARM64
		{FAE112C7-D233-49CE-8AC2-FDA39C5AD3AB}.Release|ARM64.Build.0 = Release|ARM64
		{FAE112C7-D233-49CE-8AC2-FDA39C5AD3AB}.Release|ARM64.Deploy.0 = Release|ARM64
		{FAE112C7-D233-49CE-8AC2-FDA39C5AD3AB}.Release|x64.ActiveCfg = Release|x64
		{FAE112C7-D233-49CE-8AC2-FDA39C5AD3AB}.Release|x64.Build.0 = Release|x64
		{FAE112C7-D233-49CE-8AC2-FDA39C5AD3AB}.Release|x64.Deploy.0 = Release|x64
		{FAE112C7-D233-49CE-8AC2-FDA39C5AD3AB}.Release|x86.ActiveCfg = Release|Win32
		{FAE112C7-D233-49CE-8AC2-FDA39C5AD3AB}.Release|x86.Build.0 = Release|Win32
		{FAE112C7-D233-49CE-8AC2-FDA39C5AD3AB}.Release|x86.Deploy.0 = Release|Win32
		{204F203B-CBE1-49B8-919D-40AC3CF14B55}.Debug|ARM.ActiveCfg = Debug|Win32
		{204F203B-CBE1-49B8-919D-40AC3CF14B55}.Debug|ARM64.ActiveCfg = Debug|Win32
		{204F203B-CBE1-49B8-919D-40AC3CF14B55}.Debug|x64.ActiveCfg = Debug|x64
		{204F203B-CBE1-49B8-919D-40AC3CF14B55}.Debug|x64.Build.0 = Debug|x64
		{204F203B-CBE1-49B8-919D-40AC3CF14B55}.Debug|x86.ActiveCfg = Debug|Win32
		{204F203B-CBE1-49B8-919D-40AC3CF14B55}.Debug|x86.Build.0 = Debug|Win32
		{204F203B-CBE1-49B8-919D-40AC3CF14B55}.Release|ARM.ActiveCfg = Release|Win32
		{204F203B-CBE1-49B8-919D-40AC3CF14B55}.Release|ARM64.ActiveCfg = Release|Win32
		{204F203B-CBE1-49B8-919D-40AC3CF14B55}.Release|x64.ActiveCfg = Release|x64
		{204F203B-CBE1-49B8-919D-40AC3CF14B55}.Release|x64.Build.0 = Release|x64
		{204F203B-CBE1-49B8-919D-40AC3CF14B55}.Release|x86.ActiveCfg = Release|Win32
		{204F203B-CBE1-49B8-919D-40AC3CF14B55}.Release|x86.Build.0 = Release|Win32
		{84747176-5450-4E89-9572-DEAE4F816673}.Debug|ARM.ActiveCfg = Debug|ARM
		{84747176-5450-4E89-9572-DEAE4F816673}.Debug|ARM.Build.0 = Debug|ARM
		{84747176-5450-4E89-9572-DEAE4F816673}.Debug|ARM.Deploy.0 = Debug|ARM
		{84747176-5450-4E89-9572-DEAE4F816673}.Debug|ARM64.ActiveCfg = Debug|ARM64
		{84747176-5450-4E89-9572-DEAE4F816673}.Debug|ARM64.Build.0 = Debug|ARM64
		{84747176-5450-4E89-9572-DEAE4F816673}.Debug|ARM64.Deploy.0 = Debug|ARM64
		{84747176-5450-4E89-9572-DEAE4F816673}.Debug|x64.ActiveCfg = Debug|x64
		{84747176-5450-4E89-9572-DEAE4F816673}.Debug|x64.Build.0 = Debug|x64
		{84747176-5450-4E89-9572-DEAE4F816673}.Debug|x64.Deploy.0 = Debug|x64
		{84747176-5450-4E89-9572-DEAE4F816673}.Debug|x86.ActiveCfg = Debug|Win32
		{84747176-5450-4E89-9572-DEAE4F816673}.Debug|x86.Build.0 = Debug|Win32
		{84747176-5450-4E89-9572-DEAE4F816673}.Debug|x86.Deploy.0 = Debug|Win32
		{84747176-5450-4E89-9572-DEAE4F816673}.Release|ARM.ActiveCfg = Release|ARM
		{84747176-5450-4E89-9572-DEAE4F816673}.Release|ARM.Build.0 = Release|ARM
		{84747176-5450-4E89-9572-DEAE4F816673}.Release|ARM.Deploy.0 = Release|ARM
		{84747176-5450-4E89-9572-DEAE4F816673}.Release|ARM64.ActiveCfg = Release|ARM64
		{84747176-5450-4E89-9572-DEAE4F816673}.Release|ARM64.Build.0 = Release|ARM64
		{84747176-5450-4E89-9572-DEAE4F816673}.Release|ARM64.Deploy.0 = Release|ARM64
		{84747176-5450-4E89-9572-DEAE4F816673}.Release|x64.ActiveCfg = Release|x64
		{84747176-5450-4E89-9572-DEAE4F816673}.Release|x64.Build.0 = Release|x64
		{84747176-5450-4E89-9572-DEAE4F816673}.Release|x64.Deploy.0 = Release|x64
		{84747176-5450-4E89-9572-DEAE4F816673}.Release|x86.ActiveCfg = Release|Win32
		{84747176-5450-4E89-9572-DEAE4F816673}.Release|x86.Build.0 = Release|Win32
		{84747176-5450-4E89-9572-DEAE4F816673}.Release|x86.Deploy.0 = Release|Win32
		{A2AC8566-C3DE-4C1D-83F4-868BE9C695A8}.Debug|ARM.ActiveCfg = Debug|Win32
		{A2AC8566-C3DE-4C1D-83F4-868BE9C695A8}.Debug|ARM64.ActiveCfg = Debug|Win32
		{A2AC8566-C3DE-4C1D-83F4-868BE9C695A8}.Debug|x64.ActiveCfg = Debug|x64
		{A2AC8566-C3DE-4C1D-83F4-868BE9C695A8}.Debug|x64.Build.0 = Debug|x64
		{A2AC8566-C3DE-4C1D-83F4-868BE9C695A8}.Debug|x86.ActiveCfg = Debug|Win32
		{A2AC8566-C3DE-4C1D-83F4-868BE9C695A8}.Debug|x86.Build.0 = Debug|Win32
		{A2AC8566-C3DE-4C1D-83F4-868BE9C695A8}.Release|ARM.ActiveCfg = Release|Win32
		{A2AC8566-C3DE-4C1D-83F4-868BE9C695A8}.Release|ARM64.ActiveCfg = Release|Win32
		{A2AC8566-C3DE-4C1D-83F4-868BE9C695A8}.Release|x64.ActiveCfg = Release|x64
		{A2AC8566-C3DE-4C1D-83F4-868BE9C695A8}.Release|x64.Build.0 = Release|x64
		{A2AC8566-C3DE-4C1D-83F4-868BE9C695A8}.Release|x86.ActiveCfg = Release|Win32
		{A2AC8566-C3DE-4C1D-83F4-868BE9C695A8}.Release|x86.Build.0 = Release|Win32
		{7C442DE3-A412-411B-BFF8-73204AFE451C}.Debug|ARM.ActiveCfg = Debug|ARM
		{7C442DE3-A412-411B-BFF8-73204AFE451C}.Debug|ARM.Build.0 = Debug|ARM
		{7C442DE3-A412-411B-BFF8-73204AFE451C}.Debug|ARM.Deploy.0 = Debug|ARM
		{7C442DE3-A412-411B-BFF8-73204AFE451C}.Debug|ARM64.ActiveCfg = Debug|ARM64
		{7C442DE3-A412-411B-BFF8-73204AFE451C}.Debug|ARM64.Build.0 = Debug|ARM64
		{7C442DE3-A412-411B-BFF8-73204AFE451C}.Debug|ARM64.Deploy.0 = Debug|ARM64
		{7C442DE3-A412-411B-BFF8-73204AFE451C}.Debug|x64.ActiveCfg = Debug|x64
		{7C442DE3-A412-411B-BFF8-73204AFE451C}.Debug|x64.Build.0 = Debug|x64
		{7C442DE3-A412-411B-BFF8-73204AFE451C}.Debug|x64.Deploy.0 = Debug|x64
		{7C442DE3-A412-411B-BFF8-73204AFE451C}.Debug|x86.ActiveCfg = Debug|Win32
		{7C442DE3-A412-411B-BFF8-73204AFE451C}.Debug|x86.Build.0 = Debug|Win32
		{7C442DE3-A412-411B-BFF8-73204AFE451C}.Debug|x86.Deploy.0 = Debug|Win32
		{7C442DE3-A412-411B-BFF8-73204AFE451C}.Release|ARM.ActiveCfg = Release|ARM
		{7C442DE3-A412-411B-BFF8-73204AFE451C}.Release|ARM.Build.0 = Release|ARM
		{7C442DE3-A412-411B-BFF8-73204AFE451C}.Release|ARM.Deploy.0 = Release|ARM
		{7C442DE3-A412-411B-BFF8-73204AFE451C}.Release|ARM64.ActiveCfg = Release|ARM64
		{7C442DE3-A412-411B-BFF8-73204AFE451C}.Release|ARM64.Build.0 = Release|ARM64
		{7C442DE3-A412-411B-BFF8-73204AFE451C}.Release|ARM64.Deploy.0 = Release|ARM64
		{7C442DE3-A412-411B-BFF8-73204AFE451C}.Release|x64.ActiveCfg = Release|x64
		{7C442DE3-A412-411B-BFF8-73204AFE451C}.Release|x64.Build.0 = Release|x64
		{7C442DE3-A412-411B-BFF8-73204AFE451C}.Release|x64.Deploy.0 = Release|x64
		{7C442DE3-A412-411B-BFF8-73204AFE451C}.Release|x86.ActiveCfg = Release|Win32
		{7C442DE3-A412-411B-BFF8-73204AFE451C}.Release|x86.Build.0 = Release|Win32
		{7C442DE3-A412-411B-BFF8-73204AFE451C}.Release|x86.Deploy.0 = Release|Win32
		{4ACB47B6-B707-442B-937B-318484BE50B2}.Debug|ARM.ActiveCfg = Debug|Win32
		{4ACB47B6-B707-442B-937B-318484BE50B2}.Debug|ARM64.ActiveCfg = Debug|Win32
		{4ACB47B6-B707-442B-937B-318484BE50B2}.Debug|x64.ActiveCfg = Debug|x64
		{4ACB47B6-B707-442B-937B-318484BE50B2}.Debug|x64.Build.0 = Debug|x64
		{4ACB47B6-B707-442B-937B-318484BE50B2}.Debug|x86.ActiveCfg = Debug|Win32
		{4ACB47B6-B707-442B-937B-318484BE50B2}.Debug|x86.Build.0 = Debug|Win32
		{4ACB47B6-B707-442B-937B-318484BE50B2}.Release|ARM.ActiveCfg = Release|Win32
		{4ACB47B6-B707-442B-937B-318484BE50B2}.Release|ARM64.ActiveCfg = Release|Win32
		{4ACB47B6-B707-442B-937B-318484BE50B2}.Release|x64.ActiveCfg = Release|x64
		{4ACB47B6-B707-442B-937B-318484BE50B2}.Release|x64.Build.0 = Release|x64
		{4ACB47B6-B707-442B-937B-318484BE50B2}.Release|x86.ActiveCfg = Release|Win32
		{4ACB47B6-B707-442B-937B-318484BE50B2}.Release|x86.Build.0 = Release|Win32
		{5B5F21FF-EC6E-4957-9758-E53D4C41ACEC}.Debug|ARM.ActiveCfg = Debug|ARM
		{5B5F21FF-EC6E-4957-9758-E53D4C41ACEC}.Debug|ARM.Build.0 = Debug|ARM
		{5B5F21FF-EC6E-4957-9758-E53D4C41ACEC}.Debug|ARM.Deploy.0 = Debug|ARM
		{5B5F21FF-EC6E-4957-9758-E53D4C41ACEC}.Debug|ARM64.ActiveCfg = Debug|ARM64
		{5B5F21FF-EC6E-4957-9758-E53D4C41ACEC}.Debug|ARM64.Build.0 = Debug|ARM64
		{5B5F21FF-EC6E-4957-9758-E53D4C41ACEC}.Debug|ARM64.Deploy.0 = Debug|ARM64
		{5B5F21FF-EC6E-4957-9758-E53D4C41ACEC}.Debug|x64.ActiveCfg = Debug|x64
		{5B5F21FF-EC6E-4957-9758-E53D4C41ACEC}.Debug|x64.Build.0 = Debug|x64
		{5B5F21FF-EC6E-4957-9758-E53D4C41ACEC}.Debug|x64.Deploy.0 = Debug|x64
		{5B5F21FF-EC6E-4957-9758-E53D4C41ACEC}.Debug|x86.ActiveCfg = Debug|Win32
		{5B5F21FF-EC6E-4957-9758-E53D4C41ACEC}.Debug|x86.Build.0 = Debug|Win32
		{5B5F21FF-EC6E-4957-9758-E53D4C41ACEC}.Debug|x86.Deploy.0 = Debug|Win32
		{5B5F21FF-EC6E-4957-9758-E53D4C41ACEC}.Release|ARM.ActiveCfg = Release|ARM
		{5B5F21FF-EC6E-4957-9758-E53D4C41ACEC}.Release|ARM.Build.0 = Release|ARM
		{5B5F21FF-EC6E-4957-9758-E53D4C41ACEC}.Release|ARM.Deploy.0 = Release|ARM
		{5B5F21FF-EC6E-4957-9758-E53D4C41ACEC}.Release|ARM64.ActiveCfg = Release|ARM64
		{5B5F21FF-EC6E-4957-9758-E53D4C41ACEC}.Release|ARM64.Build.0 = Release|ARM64
		{5B5F21FF-EC6E-4957-9758-E53D4C41ACEC}.Release|ARM64.Deploy.0 = Release|ARM64
		{5B5F21FF-EC6E-4957-9758-E53D4C41ACEC}.Release|x64.ActiveCfg = Release|x64
		{5B5F21FF-EC6E-4957-9758-E53D4C41ACEC}.Release|x64.Build.0 = Release|x64
		{5B5F21FF-EC6E-4957-9758-E53D4C41ACEC}.Release|x64.Deploy.0 = Release|x64
		{5B5F21FF-EC6E-4957-9758-E53D4C41ACEC}.Release|x86.ActiveCfg = Release|Win32
		{5B5F21FF-EC6E-4957-9758-E53D4C41ACEC}.Release|x86.Build.0 = Release|Win32
		{5B5F21FF-EC6E-4957-9758-E53D4C41ACEC}.Release|x86.Deploy.0 = Release|Win32
		{3AB03DD7-44E8-44DF-8327-A4354D55ACF0}.Debug|ARM.ActiveCfg = Debug|ARM
		{3AB03DD7-44E8-44DF-8327-A4354D55ACF0}.Debug|ARM.Build.0 = Debug|ARM
		{3AB03DD7-44E8-44DF-8327-A4354D55ACF0}.Debug|ARM.Deploy.0 = Debug|ARM
		{3AB03DD7-44E8-44DF-8327-A4354D55ACF0}.Debug|ARM64.ActiveCfg = Debug|ARM64
		{3AB03DD7-44E8-44DF-8327-A4354D55ACF0}.Debug|ARM64.Build.0 = Debug|ARM64
		{3AB03DD7-44E8-44DF-8327-A4354D55ACF0}.Debug|ARM64.Deploy.0 = Debug|ARM64
		{3AB03DD7-44E8-44DF-8327-A4354D55ACF0}.Debug|x64.ActiveCfg = Debug|x64
		{3AB03DD7-44E8-44DF-8327-A4354D55ACF0}.Debug|x64.Build.0 = Debug|x64
		{3AB03DD7-44E8-44DF-8327-A4354D55ACF0}.Debug|x64.Deploy.0 = Debug|x64
		{3AB03DD7-44E8-44DF-8327-A4354D55ACF0}.Debug|x86.ActiveCfg = Debug|Win32
		{3AB03DD7-44E8-44DF-8327-A4354D55ACF0}.Debug|x86.Build.0 = Debug|Win32
		{3AB03DD7-44E8-44DF-8327-A4354D55ACF0}.Debug|x86.Deploy.0 = Debug|Win32
		{3AB03DD7-44E8-44DF-8327-A4354D55ACF0}.Release|ARM.ActiveCfg = Release|ARM
		{3AB03DD7-44E8-44DF-8327-A4354D55ACF0}.Release|ARM.Build.0 = Release|ARM
		{3AB03DD7-44E8-44DF-8327-A4354D55ACF0}.Release|ARM.Deploy.0 = Release|ARM
		{3AB03DD7-44E8-44DF-8327-A4354D55ACF0}.Release|ARM64.ActiveCfg = Release|ARM64
		{3AB03DD7-44E8-44DF-8327-A4354D55ACF0}.Release|ARM64.Build.0 = Release|ARM64
		{3AB03DD7-44E8-44DF-8327-A4354D55ACF0}.Release|ARM64.Deploy.0 = Release|ARM64
		{3AB03DD7-44E8-44DF-8327-A4354D55ACF0}.Release|x64.ActiveCfg = Release|x64
		{3AB03DD7-44E8-44DF-8327-A4354D55ACF0}.Release|x64.Build.0 = Release|x64
		{3AB03DD7-44E8-44DF-8327-A4354D55ACF0}.Release|x64.Deploy.0 = Release|x64
		{3AB03DD7-44E8-44DF-8327-A4354D55ACF0}.Release|x86.ActiveCfg = Release|Win32
		{3AB03DD7-44E8-44DF-8327-A4354D55ACF0}.Release|x86.Build.0 = Release|Win32
		{3AB03DD7-44E8-44DF-8327-A4354D55ACF0}.Release|x86.Deploy.0 = Release|Win32
		{84E991FB-8FC7-4B42-B092-755EE5BE056C}.Debug|ARM.ActiveCfg = Debug|Win32
		{84E991FB-8FC7-4B42-B092-755EE5BE056C}.Debug|ARM64.ActiveCfg = Debug|Win32
		{84E991FB-8FC7-4B42-B092-755EE5BE056C}.Debug|x64.ActiveCfg = Debug|x64
		{84E991FB-8FC7-4B42-B092-755EE5BE056C}.Debug|x64.Build.0 = Debug|x64
		{84E991FB-8FC7-4B42-B092-755EE5BE056C}.Debug|x86.ActiveCfg = Debug|Win32
		{84E991FB-8FC7-4B42-B092-755EE5BE056C}.Debug|x86.Build.0 = Debug|Win32
		{84E991FB-8FC7-4B42-B092-755EE5BE056C}.Release|ARM.ActiveCfg = Release|Win32
		{84E991FB-8FC7-4B42-B092-755EE5BE056C}.Release|ARM64.ActiveCfg = Release|Win32
		{84E991FB-8FC7-4B42-B092-755EE5BE056C}.Release|x64.ActiveCfg = Release|x64
		{84E991FB-8FC7-4B42-B092-755EE5BE056C}.Release|x64.Build.0 = Release|x64
		{84E991FB-8FC7-4B42-B092-755EE5BE056C}.Release|x86.ActiveCfg = Release|Win32
		{84E991FB-8FC7-4B42-B092-755EE5BE056C}.Release|x86.Build.0 = Release|Win32
		{8DB1CCCA-9FAD-47B7-8F67-B58BB9ED6024}.Debug|ARM.ActiveCfg = Debug|Win32
		{8DB1CCCA-9FAD-47B7-8F67-B58BB9ED6024}.Debug|ARM64.ActiveCfg = Debug|Win32
		{8DB1CCCA-9FAD-47B7-8F67-B58BB9ED6024}.Debug|x64.ActiveCfg = Debug|x64
		{8DB1CCCA-9FAD-47B7-8F67-B58BB9ED6024}.Debug|x64.Build.0 = Debug|x64
		{8DB1CCCA-9FAD-47B7-8F67-B58BB9ED6024}.Debug|x86.ActiveCfg = Debug|Win32
		{8DB1CCCA-9FAD-47B7-8F67-B58BB9ED6024}.Debug|x86.Build.0 = Debug|Win32
		{8DB1CCCA-9FAD-47B7-8F67-B58BB9ED6024}.Release|ARM.ActiveCfg = Release|Win32
		{8DB1CCCA-9FAD-47B7-8F67-B58BB9ED6024}.Release|ARM64.ActiveCfg = Release|Win32
		{8DB1CCCA-9FAD-47B7-8F67-B58BB9ED6024}.Release|x64.ActiveCfg = Release|x64
		{8DB1CCCA-9FAD-47B7-8F67-B58BB9ED6024}.Release|x64.Build.0 = Release|x64
		{8DB1CCCA-9FAD-47B7-8F67-B58BB9ED6024}.Release|x86.ActiveCfg = Release|Win32
		{8DB1CCCA-9FAD-47B7-8F67-B58BB9ED6024}.Release|x86.Build.0 = Release|Win32
		{B18DD7AC-82C8-44B4-A4EA-F09EB1C04D2F}.Debug|ARM.ActiveCfg = Debug|ARM
		{B18DD7AC-82C8-44B4-A4EA-F09EB1C04D2F}.Debug|ARM.Build.0 = Debug|ARM
		{B18DD7AC-82C8-44B4-A4EA-F09EB1C04D2F}.Debug|ARM.Deploy.0 = Debug|ARM
		{B18DD7AC-82C8-44B4-A4EA-F09EB1C04D2F}.Debug|ARM64.ActiveCfg = Debug|ARM64
		{B18DD7AC-82C8-44B4-A4EA-F09EB1C04D2F}.Debug|ARM64.Build.0 = Debug|ARM64
		{B18DD7AC-82C8-44B4-A4EA-F09EB1C04D2F}.Debug|ARM64.Deploy.0 = Debug|ARM64
		{B18DD7AC-82C8-44B4-A4EA-F09EB1C04D2F}.Debug|x64.ActiveCfg = Debug|x64
		{B18DD7AC-82C8-44B4-A4EA-F09EB1C04D2F}.Debug|x64.Build.0 = Debug|x64
		{B18DD7AC-82C8-44B4-A4EA-F09EB1C04D2F}.Debug|x64.Deploy.0 = Debug|x64
		{B18DD7AC-82C8-44B4-A4EA-F09EB1C04D2F}.Debug|x86.ActiveCfg = Debug|Win32
		{B18DD7AC-82C8-44B4-A4EA-F09EB1C04D2F}.Debug|x86.Build.0 = Debug|Win32
		{B18DD7AC-82C8-44B4-A4EA-F09EB1C04D2F}.Debug|x86.Deploy.0 = Debug|Win32
		{B18DD7AC-82C8-44B4-A4EA-F09EB1C04D2F}.Release|ARM.ActiveCfg = Release|ARM
		{B18DD7AC-82C8-44B4-A4EA-F09EB1C04D2F}.Release|ARM.Build.0 = Release|ARM
		{B18DD7AC-82C8-44B4-A4EA-F09EB1C04D2F}.Release|ARM.Deploy.0 = Release|ARM
		{B18DD7AC-82C8-44B4-A4EA-F09EB1C04D2F}.Release|ARM64.ActiveCfg = Release|ARM64
		{B18DD7AC-82C8-44B4-A4EA-F09EB1C04D2F}.Release|ARM64.Build.0 = Release|ARM64
		{B18DD7AC-82C8-44B4-A4EA-F09EB1C04D2F}.Release|ARM64.Deploy.0 = Release|ARM64
		{B18DD7AC-82C8-44B4-A4EA-F09EB1C04D2F}.Release|x64.ActiveCfg = Release|x64
		{B18DD7AC-82C8-44B4-A4EA-F09EB1C04D2F}.Release|x64.Build.0 = Release|x64
		{B18DD7AC-82C8-44B4-A4EA-F09EB1C04D2F}.Release|x64.Deploy.0 = Release|x64
		{B18DD7AC-82C8-44B4-A4EA-F09EB1C04D2F}.Release|x86.ActiveCfg = Release|Win32
		{B18DD7AC-82C8-44B4-A4EA-F09EB1C04D2F}.Release|x86.Build.0 = Release|Win32
		{B18DD7AC-82C8-44B4-A4EA-F09EB1C04D2F}.Release|x86.Deploy.0 = Release|Win32
		{73274C5E-8240-425B-80F8-0AB086606503}.Debug|ARM.ActiveCfg = Debug|Win32
		{73274C5E-8240-425B-80F8-0AB086606503}.Debug|ARM64.ActiveCfg = Debug|Win32
		{73274C5E-8240-425B-80F8-0AB086606503}.Debug|x64.ActiveCfg = Debug|x64
		{73274C5E-8240-425B-80F8-0AB086606503}.Debug|x64.Build.0 = Debug|x64
		{73274C5E-8240-425B-80F8-0AB086606503}.Debug|x86.ActiveCfg = Debug|Win32
		{73274C5E-8240-425B-80F8-0AB086606503}.Debug|x86.Build.0 = Debug|Win32
		{73274C5E-8240-425B-80F8-0AB086606503}.Release|ARM.ActiveCfg = Release|Win32
		{73274C5E-8240-425B-80F8-0AB086606503}.Release|ARM64.ActiveCfg = Release|Win32
		{73274C5E-8240-425B-80F8-0AB086606503}.Release|x64.ActiveCfg = Release|x64
		{73274C5E-8240-425B-80F8-0AB086606503}.Release|x64.Build.0 = Release|x64
		{73274C5E-8240-425B-80F8-0AB086606503}.Release|x86.ActiveCfg = Release|Win32
		{73274C5E-8240-425B-80F8-0AB086606503}.Release|x86.Build.0 = Release|Win32
		{EFA48CE2-29D9-4AF3-96FA-2EA1589A372D}.Debug|ARM.ActiveCfg = Debug|ARM
		{EFA48CE2-29D9-4AF3-96FA-2EA1589A372D}.Debug|ARM.Build.0 = Debug|ARM
		{EFA48CE2-29D9-4AF3-96FA-2EA1589A372D}.Debug|ARM.Deploy.0 = Debug|ARM
		{EFA48CE2-29D9-4AF3-96FA-2EA1589A372D}.Debug|ARM64.ActiveCfg = Debug|ARM64
		{EFA48CE2-29D9-4AF3-96FA-2EA1589A372D}.Debug|ARM64.Build.0 = Debug|ARM64
		{EFA48CE2-29D9-4AF3-96FA-2EA1589A372D}.Debug|ARM64.Deploy.0 = Debug|ARM64
		{EFA48CE2-29D9-4AF3-96FA-2EA1589A372D}.Debug|x64.ActiveCfg = Debug|x64
		{EFA48CE2-29D9-4AF3-96FA-2EA1589A372D}.Debug|x64.Build.0 = Debug|x64
		{EFA48CE2-29D9-4AF3-96FA-2EA1589A372D}.Debug|x64.Deploy.0 = Debug|x64
		{EFA48CE2-29D9-4AF3-96FA-2EA1589A372D}.Debug|x86.ActiveCfg = Debug|Win32
		{EFA48CE2-29D9-4AF3-96FA-2EA1589A372D}.Debug|x86.Build.0 = Debug|Win32
		{EFA48CE2-29D9-4AF3-96FA-2EA1589A372D}.Debug|x86.Deploy.0 = Debug|Win32
		{EFA48CE2-29D9-4AF3-96FA-2EA1589A372D}.Release|ARM.ActiveCfg = Release|ARM
		{EFA48CE2-29D9-4AF3-96FA-2EA1589A372D}.Release|ARM.Build.0 = Release|ARM
		{EFA48CE2-29D9-4AF3-96FA-2EA1589A372D}.Release|ARM.Deploy.0 = Release|ARM
		{EFA48CE2-29D9-4AF3-96FA-2EA1589A372D}.Release|ARM64.ActiveCfg = Release|ARM64
		{EFA48CE2-29D9-4AF3-96FA-2EA1589A372D}.Release|ARM64.Build.0 = Release|ARM64
		{EFA48CE2-29D9-4AF3-96FA-2EA1589A372D}.Release|ARM64.Deploy.0 = Release|ARM64
		{EFA48CE2-29D9-4AF3-96FA-2EA1589A372D}.Release|x64.ActiveCfg = Release|x64
		{EFA48CE2-29D9-4AF3-96FA-2EA1589A372D}.Release|x64.Build.0 = Release|x64
		{EFA48CE2-29D9-4AF3-96FA-2EA1589A372D}.Release|x64.Deploy.0 = Release|x64
		{EFA48CE2-29D9-4AF3-96FA-2EA1589A372D}.Release|x86.ActiveCfg = Release|Win32
		{EFA48CE2-29D9-4AF3-96FA-2EA1589A372D}.Release|x86.Build.0 = Release|Win32
		{EFA48CE2-29D9-4AF3-96FA-2EA1589A372D}.Release|x86.Deploy.0 = Release|Win32
		{BF87EF9D-5EF2-49C3-802C-A8D6128DECEE}.Debug|ARM.ActiveCfg = Debug|Win32
		{BF87EF9D-5EF2-49C3-802C-A8D6128DECEE}.Debug|ARM64.ActiveCfg = Debug|Win32
		{BF87EF9D-5EF2-49C3-802C-A8D6128DECEE}.Debug|x64.ActiveCfg = Debug|x64
		{BF87EF9D-5EF2-49C3-802C-A8D6128DECEE}.Debug|x64.Build.0 = Debug|x64
		{BF87EF9D-5EF2-49C3-802C-A8D6128DECEE}.Debug|x86.ActiveCfg = Debug|Win32
		{BF87EF9D-5EF2-49C3-802C-A8D6128DECEE}.Debug|x86.Build.0 = Debug|Win32
		{BF87EF9D-5EF2-49C3-802C-A8D6128DECEE}.Release|ARM.ActiveCfg = Release|Win32
		{BF87EF9D-5EF2-49C3-802C-A8D6128DECEE}.Release|ARM64.ActiveCfg = Release|Win32
		{BF87EF9D-5EF2-49C3-802C-A8D6128DECEE}.Release|x64.ActiveCfg = Release|x64
		{BF87EF9D-5EF2-49C3-802C-A8D6128DECEE}.Release|x64.Build.0 = Release|x64
		{BF87EF9D-5EF2-49C3-802C-A8D6128DECEE}.Release|x86.ActiveCfg = Release|Win32
		{BF87EF9D-5EF2-49C3-802C-A8D6128DECEE}.Release|x86.Build.0 = Release|Win32
		{A257F12D-5820-47B4-831B-CA41AED049E6}.Debug|ARM.ActiveCfg = Debug|ARM
		{A257F12D-5820-47B4-831B-CA41AED049E6}.Debug|ARM.Build.0 = Debug|ARM
		{A257F12D-5820-47B4-831B-CA41AED049E6}.Debug|ARM.Deploy.0 = Debug|ARM
		{A257F12D-5820-47B4-831B-CA41AED049E6}.Debug|ARM64.ActiveCfg = Debug|ARM64
		{A257F12D-5820-47B4-831B-CA41AED049E6}.Debug|ARM64.Build.0 = Debug|ARM64
		{A257F12D-5820-47B4-831B-CA41AED049E6}.Debug|ARM64.Deploy.0 = Debug|ARM64
		{A257F12D-5820-47B4-831B-CA41AED049E6}.Debug|x64.ActiveCfg = Debug|x64
		{A257F12D-5820-47B4-831B-CA41AED049E6}.Debug|x64.Build.0 = Debug|x64
		{A257F12D-5820-47B4-831B-CA41AED049E6}.Debug|x64.Deploy.0 = Debug|x64
		{A257F12D-5820-47B4-831B-CA41AED049E6}.Debug|x86.ActiveCfg = Debug|Win32
		{A257F12D-5820-47B4-831B-CA41AED049E6}.Debug|x86.Build.0 = Debug|Win32
		{A257F12D-5820-47B4-831B-CA41AED049E6}.Debug|x86.Deploy.0 = Debug|Win32
		{A257F12D-5820-47B4-831B-CA41AED049E6}.Release|ARM.ActiveCfg = Release|ARM
		{A257F12D-5820-47B4-831B-CA41AED049E6}.Release|ARM.Build.0 = Release|ARM
		{A257F12D-5820-47B4-831B-CA41AED049E6}.Release|ARM.Deploy.0 = Release|ARM
		{A257F12D-5820-47B4-831B-CA41AED049E6}.Release|ARM64.ActiveCfg = Release|ARM64
		{A257F12D-5820-47B4-831B-CA41AED049E6}.Release|ARM64.Build.0 = Release|ARM64
		{A257F12D-5820-47B4-831B-CA41AED049E6}.Release|ARM64.Deploy.0 = Release|ARM64
		{A257F12D-5820-47B4-831B-CA41AED049E6}.Release|x64.ActiveCfg = Release|x64
		{A257F12D-5820-47B4-831B-CA41AED049E6}.Release|x64.Build.0 = Release|x64
		{A257F12D-5820-47B4-831B-CA41AED049E6}.Release|x64.Deploy.0 = Release|x64
		{A257F12D-5820-47B4-831B-CA41AED049E6}.Release|x86.ActiveCfg = Release|Win32
		{A257F12D-5820-47B4-831B-CA41AED049E6}.Release|x86.Build.0 = Release|Win32
		{A257F12D-5820-47B4-831B-CA41AED049E6}.Release|x86.Deploy.0 = Release|Win32
		{C0B3CA9A-5B28-4516-9C02-8B352182B481}.Debug|ARM.ActiveCfg = Debug|Win32
		{C0B3CA9A-5B28-4516-9C02-8B352182B481}.Debug|ARM64.ActiveCfg = Debug|Win32
		{C0B3CA9A-5B28-4516-9C02-8B352182B481}.Debug|x64.ActiveCfg = Debug|x64
		{C0B3CA9A-5B28-4516-9C02-8B352182B481}.Debug|x64.Build.0 = Debug|x64
		{C0B3CA9A-5B28-4516-9C02-8B352182B481}.Debug|x86.ActiveCfg = Debug|Win32
		{C0B3CA9A-5B28-4516-9C02-8B352182B481}.Debug|x86.Build.0 = Debug|Win32
		{C0B3CA9A-5B28-4516-9C02-8B352182B481}.Release|ARM.ActiveCfg = Release|Win32
		{C0B3CA9A-5B28-4516-9C02-8B352182B481}.Release|ARM64.ActiveCfg = Release|Win32
		{C0B3CA9A-5B28-4516-9C02-8B352182B481}.Release|x64.ActiveCfg = Release|x64
		{C0B3CA9A-5B28-4516-9C02-8B352182B481}.Release|x64.Build.0 = Release|x64
		{C0B3CA9A-5B28-4516-9C02-8B352182B481}.Release|x86.ActiveCfg = Release|Win32
		{C0B3CA9A-5B28-4516-9C02-8B352182B481}.Release|x86.Build.0 = Release|Win32
		{AA480225-3005-4BDB-B4EC-17FC8172682B}.Debug|ARM.ActiveCfg = Debug|ARM
		{AA480225-3005-4BDB-B4EC-17FC8172682B}.Debug|ARM.Build.0 = Debug|ARM
		{AA480225-3005-4BDB-B4EC-17FC8172682B}.Debug|ARM.Deploy.0 = Debug|ARM
		{AA480225-3005-4BDB-B4EC-17FC8172682B}.Debug|ARM64.ActiveCfg = Debug|ARM64
		{AA480225-3005-4BDB-B4EC-17FC8172682B}.Debug|ARM64.Build.0 = Debug|ARM64
		{AA480225-3005-4BDB-B4EC-17FC8172682B}.Debug|ARM64.Deploy.0 = Debug|ARM64
		{AA480225-3005-4BDB-B4EC-17FC8172682B}.Debug|x64.ActiveCfg = Debug|x64
		{AA480225-3005-4BDB-B4EC-17FC8172682B}.Debug|x64.Build.0 = Debug|x64
		{AA480225-3005-4BDB-B4EC-17FC8172682B}.Debug|x64.Deploy.0 = Debug|x64
		{AA480225-3005-4BDB-B4EC-17FC8172682B}.Debug|x86.ActiveCfg = Debug|Win32
		{AA480225-3005-4BDB-B4EC-17FC8172682B}.Debug|x86.Build.0 = Debug|Win32
		{AA480225-3005-4BDB-B4EC-17FC8172682B}.Debug|x86.Deploy.0 = Debug|Win32
		{AA480225-3005-4BDB-B4EC-17FC8172682B}.Release|ARM.ActiveCfg = Release|ARM
		{AA480225-3005-4BDB-B4EC-17FC8172682B}.Release|ARM.Build.0 = Release|ARM
		{AA480225-3005-4BDB-B4EC-17FC8172682B}.Release|ARM.Deploy.0 = Release|ARM
		{AA480225-3005-4BDB-B4EC-17FC8172682B}.Release|ARM64.ActiveCfg = Release|ARM64
		{AA480225-3005-4BDB-B4EC-17FC8172682B}.Release|ARM64.Build.0 = Release|ARM64
		{AA480225-3005-4BDB-B4EC-17FC8172682B}.Release|ARM64.Deploy.0 = Release|ARM64
		{AA480225-3005-4BDB-B4EC-17FC8172682B}.Release|x64.ActiveCfg = Release|x64
		{AA480225-3005-4BDB-B4EC-17FC8172682B}.Release|x64.Build.0 = Release|x64
		{AA480225-3005-4BDB-B4EC-17FC8172682B}.Release|x64.Deploy.0 = Release|x64
		{AA480225-3005-4BDB-B4EC-17FC8172682B}.Release|x86.ActiveCfg = Release|Win32
		{AA480225-3005-4BDB-B4EC-17FC8172682B}.Release|x86.Build.0 = Release|Win32
		{AA480225-3005-4BDB-B4EC-17FC8172682B}.Release|x86.Deploy.0 = Release|Win32
		{43B79291-A8CF-44ED-B319-D8D453B34B13}.Debug|ARM.ActiveCfg = Debug|Win32
		{43B79291-A8CF-44ED-B319-D8D453B34B13}.Debug|ARM64.ActiveCfg = Debug|Win32
		{43B79291-A8CF-44ED-B319-D8D453B34B13}.Debug|x64.ActiveCfg = Debug|x64
		{43B79291-A8CF-44ED-B319-D8D453B34B13}.Debug|x64.Build.0 = Debug|x64
		{43B79291-A8CF-44ED-B319-D8D453B34B13}.Debug|x86.ActiveCfg = Debug|Win32
		{43B79291-A8CF-44ED-B319-D8D453B34B13}.Debug|x86.Build.0 = Debug|Win32
		{43B79291-A8CF-44ED-B319-D8D453B34B13}.Release|ARM.ActiveCfg = Release|Win32
		{43B79291-A8CF-44ED-B319-D8D453B34B13}.Release|ARM64.ActiveCfg = Release|Win32
		{43B79291-A8CF-44ED-B319-D8D453B34B13}.Release|x64.ActiveCfg = Release|x64
		{43B79291-A8CF-44ED-B319-D8D453B34B13}.Release|x64.Build.0 = Release|x64
		{43B79291-A8CF-44ED-B319-D8D453B34B13}.Release|x86.ActiveCfg = Release|Win32
		{43B79291-A8CF-44ED-B319-D8D453B34B13}.Release|x86.Build.0 = Release|Win32
		{DC944277-FE63-47B8-BD42-9FFDA87000D1}.Debug|ARM.ActiveCfg = Debug|ARM
		{DC944277-FE63-47B8-BD42-9FFDA87000D1}.Debug|ARM.Build.0 = Debug|ARM
		{DC944277-FE63-47B8-BD42-9FFDA87000D1}.Debug|ARM.Deploy.0 = Debug|ARM
		{DC944277-FE63-47B8-BD42-9FFDA87000D1}.Debug|ARM64.ActiveCfg = Debug|ARM64
		{DC944277-FE63-47B8-BD42-9FFDA87000D1}.Debug|ARM64.Build.0 = Debug|ARM64
		{DC944277-FE63-47B8-BD42-9FFDA87000D1}.Debug|ARM64.Deploy.0 = Debug|ARM64
		{DC944277-FE63-47B8-BD42-9FFDA87000D1}.Debug|x64.ActiveCfg = Debug|x64
		{DC944277-FE63-47B8-BD42-9FFDA87000D1}.Debug|x64.Build.0 = Debug|x64
		{DC944277-FE63-47B8-BD42-9FFDA87000D1}.Debug|x64.Deploy.0 = Debug|x64
		{DC944277-FE63-47B8-BD42-9FFDA87000D1}.Debug|x86.ActiveCfg = Debug|Win32
		{DC944277-FE63-47B8-BD42-9FFDA87000D1}.Debug|x86.Build.0 = Debug|Win32
		{DC944277-FE63-47B8-BD42-9FFDA87000D1}.Debug|x86.Deploy.0 = Debug|Win32
		{DC944277-FE63-47B8-BD42-9FFDA87000D1}.Release|ARM.ActiveCfg = Release|ARM
		{DC944277-FE63-47B8-BD42-9FFDA87000D1}.Release|ARM.Build.0 = Release|ARM
		{DC944277-FE63-47B8-BD42-9FFDA87000D1}.Release|ARM.Deploy.0 = Release|ARM
		{DC944277-FE63-47B8-BD42-9FFDA87000D1}.Release|ARM64.ActiveCfg = Release|ARM64
		{DC944277-FE63-47B8-BD42-9FFDA87000D1}.Release|ARM64.Build.0 = Release|ARM64
		{DC944277-FE63-47B8-BD42-9FFDA87000D1}.Release|ARM64.Deploy.0 = Release|ARM64
		{DC944277-FE63-47B8-BD42-9FFDA87000D1}.Release|x64.ActiveCfg = Release|x64
		{DC944277-FE63-47B8-BD42-9FFDA87000D1}.Release|x64.Build.0 = Release|x64
		{DC944277-FE63-47B8-BD42-9FFDA87000D1}.Release|x64.Deploy.0 = Release|x64
		{DC944277-FE63-47B8-BD42-9FFDA87000D1}.Release|x86.ActiveCfg = Release|Win32
		{DC944277-FE63-47B8-BD42-9FFDA87000D1}.Release|x86.Build.0 = Release|Win32
		{DC944277-FE63-47B8-BD42-9FFDA87000D1}.Release|x86.Deploy.0 = Release|Win32
		{B83D73F5-B56B-4703-A80A-903F59932E9D}.Debug|ARM.ActiveCfg = Debug|ARM
		{B83D73F5-B56B-4703-A80A-903F59932E9D}.Debug|ARM.Build.0 = Debug|ARM
		{B83D73F5-B56B-4703-A80A-903F59932E9D}.Debug|ARM.Deploy.0 = Debug|ARM
		{B83D73F5-B56B-4703-A80A-903F59932E9D}.Debug|ARM64.ActiveCfg = Debug|ARM64
		{B83D73F5-B56B-4703-A80A-903F59932E9D}.Debug|ARM64.Build.0 = Debug|ARM64
		{B83D73F5-B56B-4703-A80A-903F59932E9D}.Debug|ARM64.Deploy.0 = Debug|ARM64
		{B83D73F5-B56B-4703-A80A-903F59932E9D}.Debug|x64.ActiveCfg = Debug|x64
		{B83D73F5-B56B-4703-A80A-903F59932E9D}.Debug|x64.Build.0 = Debug|x64
		{B83D73F5-B56B-4703-A80A-903F59932E9D}.Debug|x64.Deploy.0 = Debug|x64
		{B83D73F5-B56B-4703-A80A-903F59932E9D}.Debug|x86.ActiveCfg = Debug|Win32
		{B83D73F5-B56B-4703-A80A-903F59932E9D}.Debug|x86.Build.0 = Debug|Win32
		{B83D73F5-B56B-4703-A80A-903F59932E9D}.Debug|x86.Deploy.0 = Debug|Win32
		{B83D73F5-B56B-4703-A80A-903F59932E9D}.Release|ARM.ActiveCfg = Release|ARM
		{B83D73F5-B56B-4703-A80A-903F59932E9D}.Release|ARM.Build.0 = Release|ARM
		{B83D73F5-B56B-4703-A80A-903F59932E9D}.Release|ARM.Deploy.0 = Release|ARM
		{B83D73F5-B56B-4703-A80A-903F59932E9D}.Release|ARM64.ActiveCfg = Release|ARM64
		{B83D73F5-B56B-4703-A80A-903F59932E9D}.Release|ARM64.Build.0 = Release|ARM64
		{B83D73F5-B56B-4703-A80A-903F59932E9D}.Release|ARM64.Deploy.0 = Release|ARM64
		{B83D73F5-B56B-4703-A80A-903F59932E9D}.Release|x64.ActiveCfg = Release|x64
		{B83D73F5-B56B-4703-A80A-903F59932E9D}.Release|x64.Build.0 = Release|x64
		{B83D73F5-B56B-4703-A80A-903F59932E9D}.Release|x64.Deploy.0 = Release|x64
		{B83D73F5-B56B-4703-A80A-903F59932E9D}.Release|x86.ActiveCfg = Release|Win32
		{B83D73F5-B56B-4703-A80A-903F59932E9D}.Release|x86.Build.0 = Release|Win32
		{B83D73F5-B56B-4703-A80A-903F59932E9D}.Release|x86.Deploy.0 = Release|Win32
		{D152D873-47A5-49B1-904D-05DE71374485}.Debug|ARM.ActiveCfg = Debug|Win32
		{D152D873-47A5-49B1-904D-05DE71374485}.Debug|ARM64.ActiveCfg = Debug|Win32
		{D152D873-47A5-49B1-904D-05DE71374485}.Debug|x64.ActiveCfg = Debug|x64
		{D152D873-47A5-49B1-904D-05DE71374485}.Debug|x64.Build.0 = Debug|x64
		{D152D873-47A5-49B1-904D-05DE71374485}.Debug|x86.ActiveCfg = Debug|Win32
		{D152D873-47A5-49B1-904D-05DE71374485}.Debug|x86.Build.0 = Debug|Win32
		{D152D873-47A5-49B1-904D-05DE71374485}.Release|ARM.ActiveCfg = Release|Win32
		{D152D873-47A5-49B1-904D-05DE71374485}.Release|ARM64.ActiveCfg = Release|Win32
		{D152D873-47A5-49B1-904D-05DE71374485}.Release|x64.ActiveCfg = Release|x64
		{D152D873-47A5-49B1-904D-05DE71374485}.Release|x64.Build.0 = Release|x64
		{D152D873-47A5-49B1-904D-05DE71374485}.Release|x86.ActiveCfg = Release|Win32
		{D152D873-47A5-49B1-904D-05DE71374485}.Release|x86.Build.0 = Release|Win32
	EndGlobalSection
	GlobalSection(SolutionProperties) = preSolution
		HideSolutionNode = FALSE
	EndGlobalSection
	GlobalSection(ExtensibilityGlobals) = postSolution
		SolutionGuid = {A6A2C0E7-35B6-4A18-A96E-E0EC14371451}
	EndGlobalSection
EndGlobal
