
Microsoft Visual Studio Solution File, Format Version 12.00
# Visual Studio Version 16
VisualStudioVersion = 16.0.34301.259
MinimumVisualStudioVersion = 10.0.40219.1
Project("{8BC9CEB8-8B4A-11D0-8D11-00A0C91BC942}") = "windows_kernel_programming", "windows_kernel_programming\windows_kernel_programming.vcxproj", "{72871876-2BE1-4596-9798-6692E2794E16}"
EndProject
Project("{8BC9CEB8-8B4A-11D0-8D11-00A0C91BC942}") = "第2章-一个驱动程序项目", "第2章-一个驱动程序项目\第2章-一个驱动程序项目.vcxproj", "{A84C452A-4639-44FB-8750-512F06A54F00}"
EndProject
Project("{8BC9CEB8-8B4A-11D0-8D11-00A0C91BC942}") = "第2章-练习打印系统版本", "第2章-练习打印系统版本\第2章-练习打印系统版本.vcxproj", "{A0955410-FBF0-41C2-8EDA-32FF02230993}"
EndProject
Project("{2150E333-8FDC-42A3-9474-1A3956D46DE8}") = "Solution Items", "Solution Items", "{6939FF59-F407-43D3-99ED-C98EC84F14A7}"
	ProjectSection(SolutionItems) = preProject
		函数.txt = 函数.txt
	EndProjectSection
EndProject
Project("{8BC9CEB8-8B4A-11D0-8D11-00A0C91BC942}") = "第3章-内核编程基础", "第3章-内核编程基础\第3章-内核编程基础.vcxproj", "{8C6E1550-B354-48E1-964B-6859BA71555F}"
EndProject
Project("{8BC9CEB8-8B4A-11D0-8D11-00A0C91BC942}") = "第4章-驱动程序从头到尾", "第4章-驱动程序从头到尾\第4章-驱动程序从头到尾.vcxproj", "{44A4EB5C-3E0A-43AF-8720-D7FA7F1B78BC}"
EndProject
Project("{8BC9CEB8-8B4A-11D0-8D11-00A0C91BC942}") = "第4章-驱动程序从头到尾R3", "第4章-驱动程序从头到尾R3\第4章-驱动程序从头到尾R3.vcxproj", "{CB940BEF-4A46-458C-9766-4DC7C54F9209}"
EndProject
Project("{8BC9CEB8-8B4A-11D0-8D11-00A0C91BC942}") = "第6章-内核机制", "第6章-内核机制\第6章-内核机制.vcxproj", "{DC81A0A1-E925-45A6-A6AD-CFA855D0378A}"
EndProject
Project("{8BC9CEB8-8B4A-11D0-8D11-00A0C91BC942}") = "第7章-IO请求包", "第7章-IO请求包\第7章-IO请求包.vcxproj", "{CFC499FB-F520-4AAB-9EEF-4AF23A061E46}"
EndProject
Project("{8BC9CEB8-8B4A-11D0-8D11-00A0C91BC942}") = "第7章-IO请求包R3", "第7章-IO请求包R3\第7章-IO请求包R3.vcxproj", "{FBFD1A51-6ED6-4AF1-95B7-FDC21E2D0E94}"
EndProject
Project("{8BC9CEB8-8B4A-11D0-8D11-00A0C91BC942}") = "第8章-进程和线程通知", "第8章-进程和线程通知\第8章-进程和线程通知.vcxproj", "{8AE78B31-2F7B-4E3C-A1BE-847EEA2B5124}"
EndProject
Project("{8BC9CEB8-8B4A-11D0-8D11-00A0C91BC942}") = "第8章-进程和线程通知R3", "第8章-进程和线程通知R3\第8章-进程和线程通知R3.vcxproj", "{8E7E3AF0-67D6-4FCE-A3D4-A741BA733678}"
EndProject
Global
	GlobalSection(SolutionConfigurationPlatforms) = preSolution
		Debug|ARM = Debug|ARM
		Debug|ARM64 = Debug|ARM64
		Debug|x64 = Debug|x64
		Debug|x86 = Debug|x86
		Release|ARM = Release|ARM
		Release|ARM64 = Release|ARM64
		Release|x64 = Release|x64
		Release|x86 = Release|x86
	EndGlobalSection
	GlobalSection(ProjectConfigurationPlatforms) = postSolution
		{72871876-2BE1-4596-9798-6692E2794E16}.Debug|ARM.ActiveCfg = Debug|ARM
		{72871876-2BE1-4596-9798-6692E2794E16}.Debug|ARM.Build.0 = Debug|ARM
		{72871876-2BE1-4596-9798-6692E2794E16}.Debug|ARM.Deploy.0 = Debug|ARM
		{72871876-2BE1-4596-9798-6692E2794E16}.Debug|ARM64.ActiveCfg = Debug|ARM64
		{72871876-2BE1-4596-9798-6692E2794E16}.Debug|ARM64.Build.0 = Debug|ARM64
		{72871876-2BE1-4596-9798-6692E2794E16}.Debug|ARM64.Deploy.0 = Debug|ARM64
		{72871876-2BE1-4596-9798-6692E2794E16}.Debug|x64.ActiveCfg = Debug|x64
		{72871876-2BE1-4596-9798-6692E2794E16}.Debug|x64.Build.0 = Debug|x64
		{72871876-2BE1-4596-9798-6692E2794E16}.Debug|x64.Deploy.0 = Debug|x64
		{72871876-2BE1-4596-9798-6692E2794E16}.Debug|x86.ActiveCfg = Debug|Win32
		{72871876-2BE1-4596-9798-6692E2794E16}.Debug|x86.Build.0 = Debug|Win32
		{72871876-2BE1-4596-9798-6692E2794E16}.Debug|x86.Deploy.0 = Debug|Win32
		{72871876-2BE1-4596-9798-6692E2794E16}.Release|ARM.ActiveCfg = Release|ARM
		{72871876-2BE1-4596-9798-6692E2794E16}.Release|ARM.Build.0 = Release|ARM
		{72871876-2BE1-4596-9798-6692E2794E16}.Release|ARM.Deploy.0 = Release|ARM
		{72871876-2BE1-4596-9798-6692E2794E16}.Release|ARM64.ActiveCfg = Release|ARM64
		{72871876-2BE1-4596-9798-6692E2794E16}.Release|ARM64.Build.0 = Release|ARM64
		{72871876-2BE1-4596-9798-6692E2794E16}.Release|ARM64.Deploy.0 = Release|ARM64
		{72871876-2BE1-4596-9798-6692E2794E16}.Release|x64.ActiveCfg = Release|x64
		{72871876-2BE1-4596-9798-6692E2794E16}.Release|x64.Build.0 = Release|x64
		{72871876-2BE1-4596-9798-6692E2794E16}.Release|x64.Deploy.0 = Release|x64
		{72871876-2BE1-4596-9798-6692E2794E16}.Release|x86.ActiveCfg = Release|Win32
		{72871876-2BE1-4596-9798-6692E2794E16}.Release|x86.Build.0 = Release|Win32
		{72871876-2BE1-4596-9798-6692E2794E16}.Release|x86.Deploy.0 = Release|Win32
		{A84C452A-4639-44FB-8750-512F06A54F00}.Debug|ARM.ActiveCfg = Debug|ARM
		{A84C452A-4639-44FB-8750-512F06A54F00}.Debug|ARM.Build.0 = Debug|ARM
		{A84C452A-4639-44FB-8750-512F06A54F00}.Debug|ARM.Deploy.0 = Debug|ARM
		{A84C452A-4639-44FB-8750-512F06A54F00}.Debug|ARM64.ActiveCfg = Debug|ARM64
		{A84C452A-4639-44FB-8750-512F06A54F00}.Debug|ARM64.Build.0 = Debug|ARM64
		{A84C452A-4639-44FB-8750-512F06A54F00}.Debug|ARM64.Deploy.0 = Debug|ARM64
		{A84C452A-4639-44FB-8750-512F06A54F00}.Debug|x64.ActiveCfg = Debug|x64
		{A84C452A-4639-44FB-8750-512F06A54F00}.Debug|x64.Build.0 = Debug|x64
		{A84C452A-4639-44FB-8750-512F06A54F00}.Debug|x64.Deploy.0 = Debug|x64
		{A84C452A-4639-44FB-8750-512F06A54F00}.Debug|x86.ActiveCfg = Debug|Win32
		{A84C452A-4639-44FB-8750-512F06A54F00}.Debug|x86.Build.0 = Debug|Win32
		{A84C452A-4639-44FB-8750-512F06A54F00}.Debug|x86.Deploy.0 = Debug|Win32
		{A84C452A-4639-44FB-8750-512F06A54F00}.Release|ARM.ActiveCfg = Release|ARM
		{A84C452A-4639-44FB-8750-512F06A54F00}.Release|ARM.Build.0 = Release|ARM
		{A84C452A-4639-44FB-8750-512F06A54F00}.Release|ARM.Deploy.0 = Release|ARM
		{A84C452A-4639-44FB-8750-512F06A54F00}.Release|ARM64.ActiveCfg = Release|ARM64
		{A84C452A-4639-44FB-8750-512F06A54F00}.Release|ARM64.Build.0 = Release|ARM64
		{A84C452A-4639-44FB-8750-512F06A54F00}.Release|ARM64.Deploy.0 = Release|ARM64
		{A84C452A-4639-44FB-8750-512F06A54F00}.Release|x64.ActiveCfg = Release|x64
		{A84C452A-4639-44FB-8750-512F06A54F00}.Release|x64.Build.0 = Release|x64
		{A84C452A-4639-44FB-8750-512F06A54F00}.Release|x64.Deploy.0 = Release|x64
		{A84C452A-4639-44FB-8750-512F06A54F00}.Release|x86.ActiveCfg = Release|Win32
		{A84C452A-4639-44FB-8750-512F06A54F00}.Release|x86.Build.0 = Release|Win32
		{A84C452A-4639-44FB-8750-512F06A54F00}.Release|x86.Deploy.0 = Release|Win32
		{A0955410-FBF0-41C2-8EDA-32FF02230993}.Debug|ARM.ActiveCfg = Debug|ARM
		{A0955410-FBF0-41C2-8EDA-32FF02230993}.Debug|ARM.Build.0 = Debug|ARM
		{A0955410-FBF0-41C2-8EDA-32FF02230993}.Debug|ARM.Deploy.0 = Debug|ARM
		{A0955410-FBF0-41C2-8EDA-32FF02230993}.Debug|ARM64.ActiveCfg = Debug|ARM64
		{A0955410-FBF0-41C2-8EDA-32FF02230993}.Debug|ARM64.Build.0 = Debug|ARM64
		{A0955410-FBF0-41C2-8EDA-32FF02230993}.Debug|ARM64.Deploy.0 = Debug|ARM64
		{A0955410-FBF0-41C2-8EDA-32FF02230993}.Debug|x64.ActiveCfg = Debug|x64
		{A0955410-FBF0-41C2-8EDA-32FF02230993}.Debug|x64.Build.0 = Debug|x64
		{A0955410-FBF0-41C2-8EDA-32FF02230993}.Debug|x64.Deploy.0 = Debug|x64
		{A0955410-FBF0-41C2-8EDA-32FF02230993}.Debug|x86.ActiveCfg = Debug|Win32
		{A0955410-FBF0-41C2-8EDA-32FF02230993}.Debug|x86.Build.0 = Debug|Win32
		{A0955410-FBF0-41C2-8EDA-32FF02230993}.Debug|x86.Deploy.0 = Debug|Win32
		{A0955410-FBF0-41C2-8EDA-32FF02230993}.Release|ARM.ActiveCfg = Release|ARM
		{A0955410-FBF0-41C2-8EDA-32FF02230993}.Release|ARM.Build.0 = Release|ARM
		{A0955410-FBF0-41C2-8EDA-32FF02230993}.Release|ARM.Deploy.0 = Release|ARM
		{A0955410-FBF0-41C2-8EDA-32FF02230993}.Release|ARM64.ActiveCfg = Release|ARM64
		{A0955410-FBF0-41C2-8EDA-32FF02230993}.Release|ARM64.Build.0 = Release|ARM64
		{A0955410-FBF0-41C2-8EDA-32FF02230993}.Release|ARM64.Deploy.0 = Release|ARM64
		{A0955410-FBF0-41C2-8EDA-32FF02230993}.Release|x64.ActiveCfg = Release|x64
		{A0955410-FBF0-41C2-8EDA-32FF02230993}.Release|x64.Build.0 = Release|x64
		{A0955410-FBF0-41C2-8EDA-32FF02230993}.Release|x64.Deploy.0 = Release|x64
		{A0955410-FBF0-41C2-8EDA-32FF02230993}.Release|x86.ActiveCfg = Release|Win32
		{A0955410-FBF0-41C2-8EDA-32FF02230993}.Release|x86.Build.0 = Release|Win32
		{A0955410-FBF0-41C2-8EDA-32FF02230993}.Release|x86.Deploy.0 = Release|Win32
		{8C6E1550-B354-48E1-964B-6859BA71555F}.Debug|ARM.ActiveCfg = Debug|ARM
		{8C6E1550-B354-48E1-964B-6859BA71555F}.Debug|ARM.Build.0 = Debug|ARM
		{8C6E1550-B354-48E1-964B-6859BA71555F}.Debug|ARM.Deploy.0 = Debug|ARM
		{8C6E1550-B354-48E1-964B-6859BA71555F}.Debug|ARM64.ActiveCfg = Debug|ARM64
		{8C6E1550-B354-48E1-964B-6859BA71555F}.Debug|ARM64.Build.0 = Debug|ARM64
		{8C6E1550-B354-48E1-964B-6859BA71555F}.Debug|ARM64.Deploy.0 = Debug|ARM64
		{8C6E1550-B354-48E1-964B-6859BA71555F}.Debug|x64.ActiveCfg = Debug|x64
		{8C6E1550-B354-48E1-964B-6859BA71555F}.Debug|x64.Build.0 = Debug|x64
		{8C6E1550-B354-48E1-964B-6859BA71555F}.Debug|x64.Deploy.0 = Debug|x64
		{8C6E1550-B354-48E1-964B-6859BA71555F}.Debug|x86.ActiveCfg = Debug|Win32
		{8C6E1550-B354-48E1-964B-6859BA71555F}.Debug|x86.Build.0 = Debug|Win32
		{8C6E1550-B354-48E1-964B-6859BA71555F}.Debug|x86.Deploy.0 = Debug|Win32
		{8C6E1550-B354-48E1-964B-6859BA71555F}.Release|ARM.ActiveCfg = Release|ARM
		{8C6E1550-B354-48E1-964B-6859BA71555F}.Release|ARM.Build.0 = Release|ARM
		{8C6E1550-B354-48E1-964B-6859BA71555F}.Release|ARM.Deploy.0 = Release|ARM
		{8C6E1550-B354-48E1-964B-6859BA71555F}.Release|ARM64.ActiveCfg = Release|ARM64
		{8C6E1550-B354-48E1-964B-6859BA71555F}.Release|ARM64.Build.0 = Release|ARM64
		{8C6E1550-B354-48E1-964B-6859BA71555F}.Release|ARM64.Deploy.0 = Release|ARM64
		{8C6E1550-B354-48E1-964B-6859BA71555F}.Release|x64.ActiveCfg = Release|x64
		{8C6E1550-B354-48E1-964B-6859BA71555F}.Release|x64.Build.0 = Release|x64
		{8C6E1550-B354-48E1-964B-6859BA71555F}.Release|x64.Deploy.0 = Release|x64
		{8C6E1550-B354-48E1-964B-6859BA71555F}.Release|x86.ActiveCfg = Release|Win32
		{8C6E1550-B354-48E1-964B-6859BA71555F}.Release|x86.Build.0 = Release|Win32
		{8C6E1550-B354-48E1-964B-6859BA71555F}.Release|x86.Deploy.0 = Release|Win32
		{44A4EB5C-3E0A-43AF-8720-D7FA7F1B78BC}.Debug|ARM.ActiveCfg = Debug|ARM
		{44A4EB5C-3E0A-43AF-8720-D7FA7F1B78BC}.Debug|ARM.Build.0 = Debug|ARM
		{44A4EB5C-3E0A-43AF-8720-D7FA7F1B78BC}.Debug|ARM.Deploy.0 = Debug|ARM
		{44A4EB5C-3E0A-43AF-8720-D7FA7F1B78BC}.Debug|ARM64.ActiveCfg = Debug|ARM64
		{44A4EB5C-3E0A-43AF-8720-D7FA7F1B78BC}.Debug|ARM64.Build.0 = Debug|ARM64
		{44A4EB5C-3E0A-43AF-8720-D7FA7F1B78BC}.Debug|ARM64.Deploy.0 = Debug|ARM64
		{44A4EB5C-3E0A-43AF-8720-D7FA7F1B78BC}.Debug|x64.ActiveCfg = Debug|x64
		{44A4EB5C-3E0A-43AF-8720-D7FA7F1B78BC}.Debug|x64.Build.0 = Debug|x64
		{44A4EB5C-3E0A-43AF-8720-D7FA7F1B78BC}.Debug|x64.Deploy.0 = Debug|x64
		{44A4EB5C-3E0A-43AF-8720-D7FA7F1B78BC}.Debug|x86.ActiveCfg = Debug|Win32
		{44A4EB5C-3E0A-43AF-8720-D7FA7F1B78BC}.Debug|x86.Build.0 = Debug|Win32
		{44A4EB5C-3E0A-43AF-8720-D7FA7F1B78BC}.Debug|x86.Deploy.0 = Debug|Win32
		{44A4EB5C-3E0A-43AF-8720-D7FA7F1B78BC}.Release|ARM.ActiveCfg = Release|ARM
		{44A4EB5C-3E0A-43AF-8720-D7FA7F1B78BC}.Release|ARM.Build.0 = Release|ARM
		{44A4EB5C-3E0A-43AF-8720-D7FA7F1B78BC}.Release|ARM.Deploy.0 = Release|ARM
		{44A4EB5C-3E0A-43AF-8720-D7FA7F1B78BC}.Release|ARM64.ActiveCfg = Release|ARM64
		{44A4EB5C-3E0A-43AF-8720-D7FA7F1B78BC}.Release|ARM64.Build.0 = Release|ARM64
		{44A4EB5C-3E0A-43AF-8720-D7FA7F1B78BC}.Release|ARM64.Deploy.0 = Release|ARM64
		{44A4EB5C-3E0A-43AF-8720-D7FA7F1B78BC}.Release|x64.ActiveCfg = Release|x64
		{44A4EB5C-3E0A-43AF-8720-D7FA7F1B78BC}.Release|x64.Build.0 = Release|x64
		{44A4EB5C-3E0A-43AF-8720-D7FA7F1B78BC}.Release|x64.Deploy.0 = Release|x64
		{44A4EB5C-3E0A-43AF-8720-D7FA7F1B78BC}.Release|x86.ActiveCfg = Release|Win32
		{44A4EB5C-3E0A-43AF-8720-D7FA7F1B78BC}.Release|x86.Build.0 = Release|Win32
		{44A4EB5C-3E0A-43AF-8720-D7FA7F1B78BC}.Release|x86.Deploy.0 = Release|Win32
		{CB940BEF-4A46-458C-9766-4DC7C54F9209}.Debug|ARM.ActiveCfg = Debug|Win32
		{CB940BEF-4A46-458C-9766-4DC7C54F9209}.Debug|ARM64.ActiveCfg = Debug|Win32
		{CB940BEF-4A46-458C-9766-4DC7C54F9209}.Debug|x64.ActiveCfg = Debug|x64
		{CB940BEF-4A46-458C-9766-4DC7C54F9209}.Debug|x64.Build.0 = Debug|x64
		{CB940BEF-4A46-458C-9766-4DC7C54F9209}.Debug|x86.ActiveCfg = Debug|Win32
		{CB940BEF-4A46-458C-9766-4DC7C54F9209}.Debug|x86.Build.0 = Debug|Win32
		{CB940BEF-4A46-458C-9766-4DC7C54F9209}.Release|ARM.ActiveCfg = Release|Win32
		{CB940BEF-4A46-458C-9766-4DC7C54F9209}.Release|ARM64.ActiveCfg = Release|Win32
		{CB940BEF-4A46-458C-9766-4DC7C54F9209}.Release|x64.ActiveCfg = Release|x64
		{CB940BEF-4A46-458C-9766-4DC7C54F9209}.Release|x64.Build.0 = Release|x64
		{CB940BEF-4A46-458C-9766-4DC7C54F9209}.Release|x86.ActiveCfg = Release|Win32
		{CB940BEF-4A46-458C-9766-4DC7C54F9209}.Release|x86.Build.0 = Release|Win32
		{DC81A0A1-E925-45A6-A6AD-CFA855D0378A}.Debug|ARM.ActiveCfg = Debug|ARM
		{DC81A0A1-E925-45A6-A6AD-CFA855D0378A}.Debug|ARM.Build.0 = Debug|ARM
		{DC81A0A1-E925-45A6-A6AD-CFA855D0378A}.Debug|ARM.Deploy.0 = Debug|ARM
		{DC81A0A1-E925-45A6-A6AD-CFA855D0378A}.Debug|ARM64.ActiveCfg = Debug|ARM64
		{DC81A0A1-E925-45A6-A6AD-CFA855D0378A}.Debug|ARM64.Build.0 = Debug|ARM64
		{DC81A0A1-E925-45A6-A6AD-CFA855D0378A}.Debug|ARM64.Deploy.0 = Debug|ARM64
		{DC81A0A1-E925-45A6-A6AD-CFA855D0378A}.Debug|x64.ActiveCfg = Debug|x64
		{DC81A0A1-E925-45A6-A6AD-CFA855D0378A}.Debug|x64.Build.0 = Debug|x64
		{DC81A0A1-E925-45A6-A6AD-CFA855D0378A}.Debug|x64.Deploy.0 = Debug|x64
		{DC81A0A1-E925-45A6-A6AD-CFA855D0378A}.Debug|x86.ActiveCfg = Debug|Win32
		{DC81A0A1-E925-45A6-A6AD-CFA855D0378A}.Debug|x86.Build.0 = Debug|Win32
		{DC81A0A1-E925-45A6-A6AD-CFA855D0378A}.Debug|x86.Deploy.0 = Debug|Win32
		{DC81A0A1-E925-45A6-A6AD-CFA855D0378A}.Release|ARM.ActiveCfg = Release|ARM
		{DC81A0A1-E925-45A6-A6AD-CFA855D0378A}.Release|ARM.Build.0 = Release|ARM
		{DC81A0A1-E925-45A6-A6AD-CFA855D0378A}.Release|ARM.Deploy.0 = Release|ARM
		{DC81A0A1-E925-45A6-A6AD-CFA855D0378A}.Release|ARM64.ActiveCfg = Release|ARM64
		{DC81A0A1-E925-45A6-A6AD-CFA855D0378A}.Release|ARM64.Build.0 = Release|ARM64
		{DC81A0A1-E925-45A6-A6AD-CFA855D0378A}.Release|ARM64.Deploy.0 = Release|ARM64
		{DC81A0A1-E925-45A6-A6AD-CFA855D0378A}.Release|x64.ActiveCfg = Release|x64
		{DC81A0A1-E925-45A6-A6AD-CFA855D0378A}.Release|x64.Build.0 = Release|x64
		{DC81A0A1-E925-45A6-A6AD-CFA855D0378A}.Release|x64.Deploy.0 = Release|x64
		{DC81A0A1-E925-45A6-A6AD-CFA855D0378A}.Release|x86.ActiveCfg = Release|Win32
		{DC81A0A1-E925-45A6-A6AD-CFA855D0378A}.Release|x86.Build.0 = Release|Win32
		{DC81A0A1-E925-45A6-A6AD-CFA855D0378A}.Release|x86.Deploy.0 = Release|Win32
		{CFC499FB-F520-4AAB-9EEF-4AF23A061E46}.Debug|ARM.ActiveCfg = Debug|ARM
		{CFC499FB-F520-4AAB-9EEF-4AF23A061E46}.Debug|ARM.Build.0 = Debug|ARM
		{CFC499FB-F520-4AAB-9EEF-4AF23A061E46}.Debug|ARM.Deploy.0 = Debug|ARM
		{CFC499FB-F520-4AAB-9EEF-4AF23A061E46}.Debug|ARM64.ActiveCfg = Debug|ARM64
		{CFC499FB-F520-4AAB-9EEF-4AF23A061E46}.Debug|ARM64.Build.0 = Debug|ARM64
		{CFC499FB-F520-4AAB-9EEF-4AF23A061E46}.Debug|ARM64.Deploy.0 = Debug|ARM64
		{CFC499FB-F520-4AAB-9EEF-4AF23A061E46}.Debug|x64.ActiveCfg = Debug|x64
		{CFC499FB-F520-4AAB-9EEF-4AF23A061E46}.Debug|x64.Build.0 = Debug|x64
		{CFC499FB-F520-4AAB-9EEF-4AF23A061E46}.Debug|x64.Deploy.0 = Debug|x64
		{CFC499FB-F520-4AAB-9EEF-4AF23A061E46}.Debug|x86.ActiveCfg = Debug|Win32
		{CFC499FB-F520-4AAB-9EEF-4AF23A061E46}.Debug|x86.Build.0 = Debug|Win32
		{CFC499FB-F520-4AAB-9EEF-4AF23A061E46}.Debug|x86.Deploy.0 = Debug|Win32
		{CFC499FB-F520-4AAB-9EEF-4AF23A061E46}.Release|ARM.ActiveCfg = Release|ARM
		{CFC499FB-F520-4AAB-9EEF-4AF23A061E46}.Release|ARM.Build.0 = Release|ARM
		{CFC499FB-F520-4AAB-9EEF-4AF23A061E46}.Release|ARM.Deploy.0 = Release|ARM
		{CFC499FB-F520-4AAB-9EEF-4AF23A061E46}.Release|ARM64.ActiveCfg = Release|ARM64
		{CFC499FB-F520-4AAB-9EEF-4AF23A061E46}.Release|ARM64.Build.0 = Release|ARM64
		{CFC499FB-F520-4AAB-9EEF-4AF23A061E46}.Release|ARM64.Deploy.0 = Release|ARM64
		{CFC499FB-F520-4AAB-9EEF-4AF23A061E46}.Release|x64.ActiveCfg = Release|x64
		{CFC499FB-F520-4AAB-9EEF-4AF23A061E46}.Release|x64.Build.0 = Release|x64
		{CFC499FB-F520-4AAB-9EEF-4AF23A061E46}.Release|x64.Deploy.0 = Release|x64
		{CFC499FB-F520-4AAB-9EEF-4AF23A061E46}.Release|x86.ActiveCfg = Release|Win32
		{CFC499FB-F520-4AAB-9EEF-4AF23A061E46}.Release|x86.Build.0 = Release|Win32
		{CFC499FB-F520-4AAB-9EEF-4AF23A061E46}.Release|x86.Deploy.0 = Release|Win32
		{FBFD1A51-6ED6-4AF1-95B7-FDC21E2D0E94}.Debug|ARM.ActiveCfg = Debug|Win32
		{FBFD1A51-6ED6-4AF1-95B7-FDC21E2D0E94}.Debug|ARM64.ActiveCfg = Debug|Win32
		{FBFD1A51-6ED6-4AF1-95B7-FDC21E2D0E94}.Debug|x64.ActiveCfg = Debug|x64
		{FBFD1A51-6ED6-4AF1-95B7-FDC21E2D0E94}.Debug|x64.Build.0 = Debug|x64
		{FBFD1A51-6ED6-4AF1-95B7-FDC21E2D0E94}.Debug|x86.ActiveCfg = Debug|Win32
		{FBFD1A51-6ED6-4AF1-95B7-FDC21E2D0E94}.Debug|x86.Build.0 = Debug|Win32
		{FBFD1A51-6ED6-4AF1-95B7-FDC21E2D0E94}.Release|ARM.ActiveCfg = Release|Win32
		{FBFD1A51-6ED6-4AF1-95B7-FDC21E2D0E94}.Release|ARM64.ActiveCfg = Release|Win32
		{FBFD1A51-6ED6-4AF1-95B7-FDC21E2D0E94}.Release|x64.ActiveCfg = Release|x64
		{FBFD1A51-6ED6-4AF1-95B7-FDC21E2D0E94}.Release|x64.Build.0 = Release|x64
		{FBFD1A51-6ED6-4AF1-95B7-FDC21E2D0E94}.Release|x86.ActiveCfg = Release|Win32
		{FBFD1A51-6ED6-4AF1-95B7-FDC21E2D0E94}.Release|x86.Build.0 = Release|Win32
		{8AE78B31-2F7B-4E3C-A1BE-847EEA2B5124}.Debug|ARM.ActiveCfg = Debug|ARM
		{8AE78B31-2F7B-4E3C-A1BE-847EEA2B5124}.Debug|ARM.Build.0 = Debug|ARM
		{8AE78B31-2F7B-4E3C-A1BE-847EEA2B5124}.Debug|ARM.Deploy.0 = Debug|ARM
		{8AE78B31-2F7B-4E3C-A1BE-847EEA2B5124}.Debug|ARM64.ActiveCfg = Debug|ARM64
		{8AE78B31-2F7B-4E3C-A1BE-847EEA2B5124}.Debug|ARM64.Build.0 = Debug|ARM64
		{8AE78B31-2F7B-4E3C-A1BE-847EEA2B5124}.Debug|ARM64.Deploy.0 = Debug|ARM64
		{8AE78B31-2F7B-4E3C-A1BE-847EEA2B5124}.Debug|x64.ActiveCfg = Debug|x64
		{8AE78B31-2F7B-4E3C-A1BE-847EEA2B5124}.Debug|x64.Build.0 = Debug|x64
		{8AE78B31-2F7B-4E3C-A1BE-847EEA2B5124}.Debug|x64.Deploy.0 = Debug|x64
		{8AE78B31-2F7B-4E3C-A1BE-847EEA2B5124}.Debug|x86.ActiveCfg = Debug|Win32
		{8AE78B31-2F7B-4E3C-A1BE-847EEA2B5124}.Debug|x86.Build.0 = Debug|Win32
		{8AE78B31-2F7B-4E3C-A1BE-847EEA2B5124}.Debug|x86.Deploy.0 = Debug|Win32
		{8AE78B31-2F7B-4E3C-A1BE-847EEA2B5124}.Release|ARM.ActiveCfg = Release|ARM
		{8AE78B31-2F7B-4E3C-A1BE-847EEA2B5124}.Release|ARM.Build.0 = Release|ARM
		{8AE78B31-2F7B-4E3C-A1BE-847EEA2B5124}.Release|ARM.Deploy.0 = Release|ARM
		{8AE78B31-2F7B-4E3C-A1BE-847EEA2B5124}.Release|ARM64.ActiveCfg = Release|ARM64
		{8AE78B31-2F7B-4E3C-A1BE-847EEA2B5124}.Release|ARM64.Build.0 = Release|ARM64
		{8AE78B31-2F7B-4E3C-A1BE-847EEA2B5124}.Release|ARM64.Deploy.0 = Release|ARM64
		{8AE78B31-2F7B-4E3C-A1BE-847EEA2B5124}.Release|x64.ActiveCfg = Release|x64
		{8AE78B31-2F7B-4E3C-A1BE-847EEA2B5124}.Release|x64.Build.0 = Release|x64
		{8AE78B31-2F7B-4E3C-A1BE-847EEA2B5124}.Release|x64.Deploy.0 = Release|x64
		{8AE78B31-2F7B-4E3C-A1BE-847EEA2B5124}.Release|x86.ActiveCfg = Release|Win32
		{8AE78B31-2F7B-4E3C-A1BE-847EEA2B5124}.Release|x86.Build.0 = Release|Win32
		{8AE78B31-2F7B-4E3C-A1BE-847EEA2B5124}.Release|x86.Deploy.0 = Release|Win32
		{8E7E3AF0-67D6-4FCE-A3D4-A741BA733678}.Debug|ARM.ActiveCfg = Debug|Win32
		{8E7E3AF0-67D6-4FCE-A3D4-A741BA733678}.Debug|ARM64.ActiveCfg = Debug|Win32
		{8E7E3AF0-67D6-4FCE-A3D4-A741BA733678}.Debug|x64.ActiveCfg = Debug|x64
		{8E7E3AF0-67D6-4FCE-A3D4-A741BA733678}.Debug|x64.Build.0 = Debug|x64
		{8E7E3AF0-67D6-4FCE-A3D4-A741BA733678}.Debug|x86.ActiveCfg = Debug|Win32
		{8E7E3AF0-67D6-4FCE-A3D4-A741BA733678}.Debug|x86.Build.0 = Debug|Win32
		{8E7E3AF0-67D6-4FCE-A3D4-A741BA733678}.Release|ARM.ActiveCfg = Release|Win32
		{8E7E3AF0-67D6-4FCE-A3D4-A741BA733678}.Release|ARM64.ActiveCfg = Release|Win32
		{8E7E3AF0-67D6-4FCE-A3D4-A741BA733678}.Release|x64.ActiveCfg = Release|x64
		{8E7E3AF0-67D6-4FCE-A3D4-A741BA733678}.Release|x64.Build.0 = Release|x64
		{8E7E3AF0-67D6-4FCE-A3D4-A741BA733678}.Release|x86.ActiveCfg = Release|Win32
		{8E7E3AF0-67D6-4FCE-A3D4-A741BA733678}.Release|x86.Build.0 = Release|Win32
	EndGlobalSection
	GlobalSection(SolutionProperties) = preSolution
		HideSolutionNode = FALSE
	EndGlobalSection
	GlobalSection(ExtensibilityGlobals) = postSolution
		SolutionGuid = {A6A2C0E7-35B6-4A18-A96E-E0EC14371451}
	EndGlobalSection
EndGlobal
